// !$*UTF8*$!
{
	archiveVersion = 1;
	classes = {
	};
	objectVersion = 46;
	objects = {

/* Begin PBXBuildFile section */
		DD28CC4E1ED6C47B0041180D /* DT_PlayVideoViewController.m in Sources */ = {isa = PBXBuildFile; fileRef = DD28CC4D1ED6C47B0041180D /* DT_PlayVideoViewController.m */; };
		DD3713FB1ED8119B006C8756 /* DT_mangeRoom.m in Sources */ = {isa = PBXBuildFile; fileRef = DD3713FA1ED8119B006C8756 /* DT_mangeRoom.m */; };
		DD3713FF1ED82E7E006C8756 /* DT_pushVideoVC.m in Sources */ = {isa = PBXBuildFile; fileRef = DD3713FE1ED82E7E006C8756 /* DT_pushVideoVC.m */; };
		DD3714021ED82E8F006C8756 /* DT_pushPictureVC.m in Sources */ = {isa = PBXBuildFile; fileRef = DD3714011ED82E8F006C8756 /* DT_pushPictureVC.m */; };
		DD3714051ED82EA0006C8756 /* DT_pushTextVC.m in Sources */ = {isa = PBXBuildFile; fileRef = DD3714041ED82EA0006C8756 /* DT_pushTextVC.m */; };
		DD4428E21EC940F900FAF133 /* PerfectRoomDetail.m in Sources */ = {isa = PBXBuildFile; fileRef = DD4428E11EC940F900FAF133 /* PerfectRoomDetail.m */; };
		DD4FDD621ED27DFC005A5FA1 /* kind_of_room_VC.m in Sources */ = {isa = PBXBuildFile; fileRef = DD4FDD611ED27DFC005A5FA1 /* kind_of_room_VC.m */; };
		DD4FDD651ED27E1D005A5FA1 /* DT_text_room_cell.m in Sources */ = {isa = PBXBuildFile; fileRef = DD4FDD641ED27E1D005A5FA1 /* DT_text_room_cell.m */; };
		DD4FDD681ED27E34005A5FA1 /* DT_picture_room_cell.m in Sources */ = {isa = PBXBuildFile; fileRef = DD4FDD671ED27E34005A5FA1 /* DT_picture_room_cell.m */; };
		DD4FDD6B1ED27E47005A5FA1 /* DT_video_room_cell.m in Sources */ = {isa = PBXBuildFile; fileRef = DD4FDD6A1ED27E47005A5FA1 /* DT_video_room_cell.m */; };
		DD53E6F21ECBE957008BD057 /* hot_attentionRoom_Btn.m in Sources */ = {isa = PBXBuildFile; fileRef = DD53E6F11ECBE957008BD057 /* hot_attentionRoom_Btn.m */; };
		DD53E6F61ECBEDB0008BD057 /* DT_Hot_tableview.m in Sources */ = {isa = PBXBuildFile; fileRef = DD53E6F51ECBEDB0008BD057 /* DT_Hot_tableview.m */; };
		DD53E6F91ECBEDD3008BD057 /* DT_attention_tableView.m in Sources */ = {isa = PBXBuildFile; fileRef = DD53E6F81ECBEDD3008BD057 /* DT_attention_tableView.m */; };
		DD53E6FD1ECBEED3008BD057 /* DT_scrollview_show_tableview.m in Sources */ = {isa = PBXBuildFile; fileRef = DD53E6FC1ECBEED3008BD057 /* DT_scrollview_show_tableview.m */; };
		DD53E7021ECC1956008BD057 /* hot_tableView_cell.m in Sources */ = {isa = PBXBuildFile; fileRef = DD53E7011ECC1955008BD057 /* hot_tableView_cell.m */; };
		DD53E7051ECC196C008BD057 /* Attention_tableView_cell.m in Sources */ = {isa = PBXBuildFile; fileRef = DD53E7041ECC196C008BD057 /* Attention_tableView_cell.m */; };
		DD53E7081ECC41CD008BD057 /* room_display.m in Sources */ = {isa = PBXBuildFile; fileRef = DD53E7071ECC41CD008BD057 /* room_display.m */; };
		DD577CF01ED57B5800BCBA48 /* Login_viewController.m in Sources */ = {isa = PBXBuildFile; fileRef = DD577CEF1ED57B5800BCBA48 /* Login_viewController.m */; };
		DD577CF31ED57B9900BCBA48 /* Register_ViewController.m in Sources */ = {isa = PBXBuildFile; fileRef = DD577CF21ED57B9900BCBA48 /* Register_ViewController.m */; };
		DD616FCE1ED7BE5600C5BCC9 /* kr-video-player-close@2x.png in Resources */ = {isa = PBXBuildFile; fileRef = DD616FA41ED7BE5600C5BCC9 /* kr-video-player-close@2x.png */; };
		DD616FCF1ED7BE5600C5BCC9 /* kr-video-player-close@3x.png in Resources */ = {isa = PBXBuildFile; fileRef = DD616FA51ED7BE5600C5BCC9 /* kr-video-player-close@3x.png */; };
		DD616FD01ED7BE5600C5BCC9 /* kr-video-player-fullscreen@2x.png in Resources */ = {isa = PBXBuildFile; fileRef = DD616FA61ED7BE5600C5BCC9 /* kr-video-player-fullscreen@2x.png */; };
		DD616FD11ED7BE5600C5BCC9 /* kr-video-player-fullscreen@3x.png in Resources */ = {isa = PBXBuildFile; fileRef = DD616FA71ED7BE5600C5BCC9 /* kr-video-player-fullscreen@3x.png */; };
		DD616FD21ED7BE5600C5BCC9 /* kr-video-player-pause@2x.png in Resources */ = {isa = PBXBuildFile; fileRef = DD616FA81ED7BE5600C5BCC9 /* kr-video-player-pause@2x.png */; };
		DD616FD31ED7BE5600C5BCC9 /* kr-video-player-pause@3x.png in Resources */ = {isa = PBXBuildFile; fileRef = DD616FA91ED7BE5600C5BCC9 /* kr-video-player-pause@3x.png */; };
		DD616FD41ED7BE5600C5BCC9 /* kr-video-player-play@2x.png in Resources */ = {isa = PBXBuildFile; fileRef = DD616FAA1ED7BE5600C5BCC9 /* kr-video-player-play@2x.png */; };
		DD616FD51ED7BE5600C5BCC9 /* kr-video-player-play@3x.png in Resources */ = {isa = PBXBuildFile; fileRef = DD616FAB1ED7BE5600C5BCC9 /* kr-video-player-play@3x.png */; };
		DD616FD61ED7BE5600C5BCC9 /* kr-video-player-point@2x.png in Resources */ = {isa = PBXBuildFile; fileRef = DD616FAC1ED7BE5600C5BCC9 /* kr-video-player-point@2x.png */; };
		DD616FD71ED7BE5600C5BCC9 /* kr-video-player-point@3x.png in Resources */ = {isa = PBXBuildFile; fileRef = DD616FAD1ED7BE5600C5BCC9 /* kr-video-player-point@3x.png */; };
		DD616FD81ED7BE5600C5BCC9 /* kr-video-player-shrinkscreen@2x.png in Resources */ = {isa = PBXBuildFile; fileRef = DD616FAE1ED7BE5600C5BCC9 /* kr-video-player-shrinkscreen@2x.png */; };
		DD616FD91ED7BE5600C5BCC9 /* kr-video-player-shrinkscreen@3x.png in Resources */ = {isa = PBXBuildFile; fileRef = DD616FAF1ED7BE5600C5BCC9 /* kr-video-player-shrinkscreen@3x.png */; };
		DD616FDA1ED7BE5600C5BCC9 /* zx-video-banner-back.png in Resources */ = {isa = PBXBuildFile; fileRef = DD616FB01ED7BE5600C5BCC9 /* zx-video-banner-back.png */; };
		DD616FDB1ED7BE5600C5BCC9 /* zx-video-banner-back@2x.png in Resources */ = {isa = PBXBuildFile; fileRef = DD616FB11ED7BE5600C5BCC9 /* zx-video-banner-back@2x.png */; };
		DD616FDC1ED7BE5600C5BCC9 /* zx-video-player-brightness@2x.png in Resources */ = {isa = PBXBuildFile; fileRef = DD616FB21ED7BE5600C5BCC9 /* zx-video-player-brightness@2x.png */; };
		DD616FDD1ED7BE5600C5BCC9 /* zx-video-player-brightness@3x.png in Resources */ = {isa = PBXBuildFile; fileRef = DD616FB31ED7BE5600C5BCC9 /* zx-video-player-brightness@3x.png */; };
		DD616FDE1ED7BE5600C5BCC9 /* zx-video-player-fastForward@2x.png in Resources */ = {isa = PBXBuildFile; fileRef = DD616FB41ED7BE5600C5BCC9 /* zx-video-player-fastForward@2x.png */; };
		DD616FDF1ED7BE5600C5BCC9 /* zx-video-player-fastForward@3x.png in Resources */ = {isa = PBXBuildFile; fileRef = DD616FB51ED7BE5600C5BCC9 /* zx-video-player-fastForward@3x.png */; };
		DD616FE01ED7BE5600C5BCC9 /* zx-video-player-lock@2x.png in Resources */ = {isa = PBXBuildFile; fileRef = DD616FB61ED7BE5600C5BCC9 /* zx-video-player-lock@2x.png */; };
		DD616FE11ED7BE5600C5BCC9 /* zx-video-player-lock@3x.png in Resources */ = {isa = PBXBuildFile; fileRef = DD616FB71ED7BE5600C5BCC9 /* zx-video-player-lock@3x.png */; };
		DD616FE21ED7BE5600C5BCC9 /* zx-video-player-rewind@2x.png in Resources */ = {isa = PBXBuildFile; fileRef = DD616FB81ED7BE5600C5BCC9 /* zx-video-player-rewind@2x.png */; };
		DD616FE31ED7BE5600C5BCC9 /* zx-video-player-rewind@3x.png in Resources */ = {isa = PBXBuildFile; fileRef = DD616FB91ED7BE5600C5BCC9 /* zx-video-player-rewind@3x.png */; };
		DD616FE41ED7BE5600C5BCC9 /* zx-video-player-unlock@2x.png in Resources */ = {isa = PBXBuildFile; fileRef = DD616FBA1ED7BE5600C5BCC9 /* zx-video-player-unlock@2x.png */; };
		DD616FE51ED7BE5600C5BCC9 /* zx-video-player-unlock@3x.png in Resources */ = {isa = PBXBuildFile; fileRef = DD616FBB1ED7BE5600C5BCC9 /* zx-video-player-unlock@3x.png */; };
		DD616FE61ED7BE5600C5BCC9 /* zx-video-player-volume@2x.png in Resources */ = {isa = PBXBuildFile; fileRef = DD616FBC1ED7BE5600C5BCC9 /* zx-video-player-volume@2x.png */; };
		DD616FE71ED7BE5600C5BCC9 /* zx-video-player-volume@3x.png in Resources */ = {isa = PBXBuildFile; fileRef = DD616FBD1ED7BE5600C5BCC9 /* zx-video-player-volume@3x.png */; };
		DD616FE81ED7BE5600C5BCC9 /* zx-video-player-volumeMute@2x.png in Resources */ = {isa = PBXBuildFile; fileRef = DD616FBE1ED7BE5600C5BCC9 /* zx-video-player-volumeMute@2x.png */; };
		DD616FE91ED7BE5600C5BCC9 /* zx-video-player-volumeMute@3x.png in Resources */ = {isa = PBXBuildFile; fileRef = DD616FBF1ED7BE5600C5BCC9 /* zx-video-player-volumeMute@3x.png */; };
		DD616FEA1ED7BE5600C5BCC9 /* ZXVideo.m in Sources */ = {isa = PBXBuildFile; fileRef = DD616FC11ED7BE5600C5BCC9 /* ZXVideo.m */; };
		DD616FEB1ED7BE5600C5BCC9 /* ZXVideoPlayerBatteryView.m in Sources */ = {isa = PBXBuildFile; fileRef = DD616FC31ED7BE5600C5BCC9 /* ZXVideoPlayerBatteryView.m */; };
		DD616FEC1ED7BE5600C5BCC9 /* ZXVideoPlayerBrightnessView.m in Sources */ = {isa = PBXBuildFile; fileRef = DD616FC51ED7BE5600C5BCC9 /* ZXVideoPlayerBrightnessView.m */; };
		DD616FED1ED7BE5600C5BCC9 /* ZXVideoPlayerControlView.m in Sources */ = {isa = PBXBuildFile; fileRef = DD616FC71ED7BE5600C5BCC9 /* ZXVideoPlayerControlView.m */; };
		DD616FEE1ED7BE5600C5BCC9 /* ZXVideoPlayerController.m in Sources */ = {isa = PBXBuildFile; fileRef = DD616FC91ED7BE5600C5BCC9 /* ZXVideoPlayerController.m */; };
		DD616FEF1ED7BE5600C5BCC9 /* ZXVideoPlayerTimeIndicatorView.m in Sources */ = {isa = PBXBuildFile; fileRef = DD616FCB1ED7BE5600C5BCC9 /* ZXVideoPlayerTimeIndicatorView.m */; };
		DD616FF01ED7BE5600C5BCC9 /* ZXVideoPlayerVolumeView.m in Sources */ = {isa = PBXBuildFile; fileRef = DD616FCD1ED7BE5600C5BCC9 /* ZXVideoPlayerVolumeView.m */; };
		DD616FF61ED7BEA500C5BCC9 /* VideoPlayViewController.m in Sources */ = {isa = PBXBuildFile; fileRef = DD616FF41ED7BEA500C5BCC9 /* VideoPlayViewController.m */; };
		DD616FF91ED7D2CD00C5BCC9 /* DT_video_share_VC.m in Sources */ = {isa = PBXBuildFile; fileRef = DD616FF81ED7D2CD00C5BCC9 /* DT_video_share_VC.m */; };
		DD61F3901ECD45AE004CF98D /* DT_display_tableView.m in Sources */ = {isa = PBXBuildFile; fileRef = DD61F38F1ECD45AE004CF98D /* DT_display_tableView.m */; };
		DD61F3941ECD45DD004CF98D /* DT_chat_tableView.m in Sources */ = {isa = PBXBuildFile; fileRef = DD61F3931ECD45DD004CF98D /* DT_chat_tableView.m */; };
		DD61F39A1ECD463C004CF98D /* DT_display_tableView_cell.m in Sources */ = {isa = PBXBuildFile; fileRef = DD61F3991ECD463C004CF98D /* DT_display_tableView_cell.m */; };
		DD61F39D1ECD6979004CF98D /* party.png in Resources */ = {isa = PBXBuildFile; fileRef = DD61F39B1ECD6979004CF98D /* party.png */; };
		DD61F39E1ECD6979004CF98D /* party2.png in Resources */ = {isa = PBXBuildFile; fileRef = DD61F39C1ECD6979004CF98D /* party2.png */; };
		DD61F3B01ECD82EC004CF98D /* DT_doctor_help_VC.m in Sources */ = {isa = PBXBuildFile; fileRef = DD61F3AF1ECD82EC004CF98D /* DT_doctor_help_VC.m */; };
		DD61F3B31ECD830F004CF98D /* DT_scroller_picture.m in Sources */ = {isa = PBXBuildFile; fileRef = DD61F3B21ECD830F004CF98D /* DT_scroller_picture.m */; };
		DD61F3BE1ECD871E004CF98D /* ylmain.png in Resources */ = {isa = PBXBuildFile; fileRef = DD61F3BD1ECD871E004CF98D /* ylmain.png */; };
		DD63B16E1EC2A83600726783 /* main.m in Sources */ = {isa = PBXBuildFile; fileRef = DD63B16D1EC2A83600726783 /* main.m */; };
		DD63B1711EC2A83600726783 /* AppDelegate.m in Sources */ = {isa = PBXBuildFile; fileRef = DD63B1701EC2A83600726783 /* AppDelegate.m */; };
		DD63B1771EC2A83600726783 /* Main.storyboard in Resources */ = {isa = PBXBuildFile; fileRef = DD63B1751EC2A83600726783 /* Main.storyboard */; };
		DD63B1791EC2A83600726783 /* Assets.xcassets in Resources */ = {isa = PBXBuildFile; fileRef = DD63B1781EC2A83600726783 /* Assets.xcassets */; };
		DD63B17C1EC2A83600726783 /* LaunchScreen.storyboard in Resources */ = {isa = PBXBuildFile; fileRef = DD63B17A1EC2A83600726783 /* LaunchScreen.storyboard */; };
		DD63B1871EC2A83600726783 /* ___2_0Tests.m in Sources */ = {isa = PBXBuildFile; fileRef = DD63B1861EC2A83600726783 /* ___2_0Tests.m */; };
		DD63B1921EC2A83600726783 /* ___2_0UITests.m in Sources */ = {isa = PBXBuildFile; fileRef = DD63B1911EC2A83600726783 /* ___2_0UITests.m */; };
		DD63B1A11EC2A87200726783 /* Base__ViewController.m in Sources */ = {isa = PBXBuildFile; fileRef = DD63B1A01EC2A87200726783 /* Base__ViewController.m */; };
		DD63B1A81EC2A8DA00726783 /* Main__ViewController.m in Sources */ = {isa = PBXBuildFile; fileRef = DD63B1A71EC2A8DA00726783 /* Main__ViewController.m */; };
		DD63B1AB1EC2A8E900726783 /* message__ViewController.m in Sources */ = {isa = PBXBuildFile; fileRef = DD63B1AA1EC2A8E900726783 /* message__ViewController.m */; };
		DD63B1AE1EC2A8F800726783 /* My__ViewController.m in Sources */ = {isa = PBXBuildFile; fileRef = DD63B1AD1EC2A8F800726783 /* My__ViewController.m */; };
		DD63B1B01EC2B66000726783 /* MainDisplay.png in Resources */ = {isa = PBXBuildFile; fileRef = DD63B1AF1EC2B66000726783 /* MainDisplay.png */; };
		DD63B1B51EC2BA5D00726783 /* yule.png in Resources */ = {isa = PBXBuildFile; fileRef = DD63B1B41EC2BA5D00726783 /* yule.png */; };
		DD63B1B71EC2BA8400726783 /* yiyuan.png in Resources */ = {isa = PBXBuildFile; fileRef = DD63B1B61EC2BA8400726783 /* yiyuan.png */; };
		DD63B1B91EC2BD0700726783 /* yisheng.png in Resources */ = {isa = PBXBuildFile; fileRef = DD63B1B81EC2BD0700726783 /* yisheng.png */; };
		DD63B1BB1EC2C10E00726783 /* home.png in Resources */ = {isa = PBXBuildFile; fileRef = DD63B1BA1EC2C10E00726783 /* home.png */; };
		DD63B1BD1EC2D8B400726783 /* news@3x.png in Resources */ = {isa = PBXBuildFile; fileRef = DD63B1BC1EC2D8B400726783 /* news@3x.png */; };
		DD63B1BF1EC2D8CE00726783 /* my@3x.png in Resources */ = {isa = PBXBuildFile; fileRef = DD63B1BE1EC2D8CE00726783 /* my@3x.png */; };
		DD63B1C11EC2D8E700726783 /* home_page@3x.png in Resources */ = {isa = PBXBuildFile; fileRef = DD63B1C01EC2D8E700726783 /* home_page@3x.png */; };
		DD63B1C31EC2D98C00726783 /* home@3x.png in Resources */ = {isa = PBXBuildFile; fileRef = DD63B1C21EC2D98C00726783 /* home@3x.png */; };
		DD63B1C61EC2E7FE00726783 /* YuLe__ViewController.m in Sources */ = {isa = PBXBuildFile; fileRef = DD63B1C51EC2E7FE00726783 /* YuLe__ViewController.m */; };
		DD63B1CB1EC2E94800726783 /* help__ViewController.m in Sources */ = {isa = PBXBuildFile; fileRef = DD63B1CA1EC2E94800726783 /* help__ViewController.m */; };
		DD63B1CE1EC2F9F300726783 /* UIView+Frame.m in Sources */ = {isa = PBXBuildFile; fileRef = DD63B1CD1EC2F9F200726783 /* UIView+Frame.m */; };
		DD652CE01ED9283000A48F34 /* DT_mangeTableviewCell.m in Sources */ = {isa = PBXBuildFile; fileRef = DD652CDF1ED9283000A48F34 /* DT_mangeTableviewCell.m */; };
		DD7160781EC593C000F57F5D /* DT_YuFooterView.m in Sources */ = {isa = PBXBuildFile; fileRef = DD7160771EC593C000F57F5D /* DT_YuFooterView.m */; };
		DD71607B1EC5A49A00F57F5D /* DT_meTable_cell.m in Sources */ = {isa = PBXBuildFile; fileRef = DD71607A1EC5A49A00F57F5D /* DT_meTable_cell.m */; };
		DD71607E1EC5BA8000F57F5D /* DT_creat_16_btn.m in Sources */ = {isa = PBXBuildFile; fileRef = DD71607D1EC5BA8000F57F5D /* DT_creat_16_btn.m */; };
		DD7160811EC5BAC900F57F5D /* DT_creatAlph_0_Btn.m in Sources */ = {isa = PBXBuildFile; fileRef = DD7160801EC5BAC900F57F5D /* DT_creatAlph_0_Btn.m */; };
		DDA2C85A1ECA91AA008F5260 /* RoomDetailDisplay.m in Sources */ = {isa = PBXBuildFile; fileRef = DDA2C8591ECA91AA008F5260 /* RoomDetailDisplay.m */; };
		DDA2C85E1ECABF37008F5260 /* DT_searchView.m in Sources */ = {isa = PBXBuildFile; fileRef = DDA2C85D1ECABF37008F5260 /* DT_searchView.m */; };
		DDA2C8621ECADC86008F5260 /* DT_kindOfSelectButton.m in Sources */ = {isa = PBXBuildFile; fileRef = DDA2C8611ECADC86008F5260 /* DT_kindOfSelectButton.m */; };
		DDA2C8651ECB0513008F5260 /* DT_searchDetailView.m in Sources */ = {isa = PBXBuildFile; fileRef = DDA2C8641ECB0513008F5260 /* DT_searchDetailView.m */; };
		DDDF40E61EC4444C0096CC26 /* imageBtn.png in Resources */ = {isa = PBXBuildFile; fileRef = DDDF40E51EC4444C0096CC26 /* imageBtn.png */; };
		DDDF40EA1EC44AAF0096CC26 /* RoomDetialView.m in Sources */ = {isa = PBXBuildFile; fileRef = DDDF40E91EC44AAF0096CC26 /* RoomDetialView.m */; };
/* End PBXBuildFile section */

/* Begin PBXContainerItemProxy section */
		DD63B1831EC2A83600726783 /* PBXContainerItemProxy */ = {
			isa = PBXContainerItemProxy;
			containerPortal = DD63B1611EC2A83600726783 /* Project object */;
			proxyType = 1;
			remoteGlobalIDString = DD63B1681EC2A83600726783;
			remoteInfo = "点家慧2.0";
		};
		DD63B18E1EC2A83600726783 /* PBXContainerItemProxy */ = {
			isa = PBXContainerItemProxy;
			containerPortal = DD63B1611EC2A83600726783 /* Project object */;
			proxyType = 1;
			remoteGlobalIDString = DD63B1681EC2A83600726783;
			remoteInfo = "点家慧2.0";
		};
/* End PBXContainerItemProxy section */

/* Begin PBXFileReference section */
		DD28CC4C1ED6C47B0041180D /* DT_PlayVideoViewController.h */ = {isa = PBXFileReference; fileEncoding = 4; lastKnownFileType = sourcecode.c.h; path = DT_PlayVideoViewController.h; sourceTree = "<group>"; };
		DD28CC4D1ED6C47B0041180D /* DT_PlayVideoViewController.m */ = {isa = PBXFileReference; fileEncoding = 4; lastKnownFileType = sourcecode.c.objc; path = DT_PlayVideoViewController.m; sourceTree = "<group>"; };
		DD3713F91ED8119B006C8756 /* DT_mangeRoom.h */ = {isa = PBXFileReference; fileEncoding = 4; lastKnownFileType = sourcecode.c.h; path = DT_mangeRoom.h; sourceTree = "<group>"; };
		DD3713FA1ED8119B006C8756 /* DT_mangeRoom.m */ = {isa = PBXFileReference; fileEncoding = 4; lastKnownFileType = sourcecode.c.objc; path = DT_mangeRoom.m; sourceTree = "<group>"; };
		DD3713FD1ED82E7E006C8756 /* DT_pushVideoVC.h */ = {isa = PBXFileReference; fileEncoding = 4; lastKnownFileType = sourcecode.c.h; path = DT_pushVideoVC.h; sourceTree = "<group>"; };
		DD3713FE1ED82E7E006C8756 /* DT_pushVideoVC.m */ = {isa = PBXFileReference; fileEncoding = 4; lastKnownFileType = sourcecode.c.objc; path = DT_pushVideoVC.m; sourceTree = "<group>"; };
		DD3714001ED82E8F006C8756 /* DT_pushPictureVC.h */ = {isa = PBXFileReference; fileEncoding = 4; lastKnownFileType = sourcecode.c.h; path = DT_pushPictureVC.h; sourceTree = "<group>"; };
		DD3714011ED82E8F006C8756 /* DT_pushPictureVC.m */ = {isa = PBXFileReference; fileEncoding = 4; lastKnownFileType = sourcecode.c.objc; path = DT_pushPictureVC.m; sourceTree = "<group>"; };
		DD3714031ED82EA0006C8756 /* DT_pushTextVC.h */ = {isa = PBXFileReference; fileEncoding = 4; lastKnownFileType = sourcecode.c.h; path = DT_pushTextVC.h; sourceTree = "<group>"; };
		DD3714041ED82EA0006C8756 /* DT_pushTextVC.m */ = {isa = PBXFileReference; fileEncoding = 4; lastKnownFileType = sourcecode.c.objc; path = DT_pushTextVC.m; sourceTree = "<group>"; };
		DD4428E01EC940F900FAF133 /* PerfectRoomDetail.h */ = {isa = PBXFileReference; fileEncoding = 4; lastKnownFileType = sourcecode.c.h; path = PerfectRoomDetail.h; sourceTree = "<group>"; };
		DD4428E11EC940F900FAF133 /* PerfectRoomDetail.m */ = {isa = PBXFileReference; fileEncoding = 4; lastKnownFileType = sourcecode.c.objc; path = PerfectRoomDetail.m; sourceTree = "<group>"; };
		DD4FDD601ED27DFC005A5FA1 /* kind_of_room_VC.h */ = {isa = PBXFileReference; fileEncoding = 4; lastKnownFileType = sourcecode.c.h; path = kind_of_room_VC.h; sourceTree = "<group>"; };
		DD4FDD611ED27DFC005A5FA1 /* kind_of_room_VC.m */ = {isa = PBXFileReference; fileEncoding = 4; lastKnownFileType = sourcecode.c.objc; path = kind_of_room_VC.m; sourceTree = "<group>"; };
		DD4FDD631ED27E1C005A5FA1 /* DT_text_room_cell.h */ = {isa = PBXFileReference; fileEncoding = 4; lastKnownFileType = sourcecode.c.h; path = DT_text_room_cell.h; sourceTree = "<group>"; };
		DD4FDD641ED27E1D005A5FA1 /* DT_text_room_cell.m */ = {isa = PBXFileReference; fileEncoding = 4; lastKnownFileType = sourcecode.c.objc; path = DT_text_room_cell.m; sourceTree = "<group>"; };
		DD4FDD661ED27E34005A5FA1 /* DT_picture_room_cell.h */ = {isa = PBXFileReference; fileEncoding = 4; lastKnownFileType = sourcecode.c.h; path = DT_picture_room_cell.h; sourceTree = "<group>"; };
		DD4FDD671ED27E34005A5FA1 /* DT_picture_room_cell.m */ = {isa = PBXFileReference; fileEncoding = 4; lastKnownFileType = sourcecode.c.objc; path = DT_picture_room_cell.m; sourceTree = "<group>"; };
		DD4FDD691ED27E47005A5FA1 /* DT_video_room_cell.h */ = {isa = PBXFileReference; fileEncoding = 4; lastKnownFileType = sourcecode.c.h; path = DT_video_room_cell.h; sourceTree = "<group>"; };
		DD4FDD6A1ED27E47005A5FA1 /* DT_video_room_cell.m */ = {isa = PBXFileReference; fileEncoding = 4; lastKnownFileType = sourcecode.c.objc; path = DT_video_room_cell.m; sourceTree = "<group>"; };
		DD53E6F01ECBE957008BD057 /* hot_attentionRoom_Btn.h */ = {isa = PBXFileReference; fileEncoding = 4; lastKnownFileType = sourcecode.c.h; path = hot_attentionRoom_Btn.h; sourceTree = "<group>"; };
		DD53E6F11ECBE957008BD057 /* hot_attentionRoom_Btn.m */ = {isa = PBXFileReference; fileEncoding = 4; lastKnownFileType = sourcecode.c.objc; path = hot_attentionRoom_Btn.m; sourceTree = "<group>"; };
		DD53E6F41ECBEDB0008BD057 /* DT_Hot_tableview.h */ = {isa = PBXFileReference; fileEncoding = 4; lastKnownFileType = sourcecode.c.h; path = DT_Hot_tableview.h; sourceTree = "<group>"; };
		DD53E6F51ECBEDB0008BD057 /* DT_Hot_tableview.m */ = {isa = PBXFileReference; fileEncoding = 4; lastKnownFileType = sourcecode.c.objc; path = DT_Hot_tableview.m; sourceTree = "<group>"; };
		DD53E6F71ECBEDD3008BD057 /* DT_attention_tableView.h */ = {isa = PBXFileReference; fileEncoding = 4; lastKnownFileType = sourcecode.c.h; path = DT_attention_tableView.h; sourceTree = "<group>"; };
		DD53E6F81ECBEDD3008BD057 /* DT_attention_tableView.m */ = {isa = PBXFileReference; fileEncoding = 4; lastKnownFileType = sourcecode.c.objc; path = DT_attention_tableView.m; sourceTree = "<group>"; };
		DD53E6FB1ECBEED3008BD057 /* DT_scrollview_show_tableview.h */ = {isa = PBXFileReference; fileEncoding = 4; lastKnownFileType = sourcecode.c.h; path = DT_scrollview_show_tableview.h; sourceTree = "<group>"; };
		DD53E6FC1ECBEED3008BD057 /* DT_scrollview_show_tableview.m */ = {isa = PBXFileReference; fileEncoding = 4; lastKnownFileType = sourcecode.c.objc; path = DT_scrollview_show_tableview.m; sourceTree = "<group>"; };
		DD53E7001ECC1955008BD057 /* hot_tableView_cell.h */ = {isa = PBXFileReference; fileEncoding = 4; lastKnownFileType = sourcecode.c.h; path = hot_tableView_cell.h; sourceTree = "<group>"; };
		DD53E7011ECC1955008BD057 /* hot_tableView_cell.m */ = {isa = PBXFileReference; fileEncoding = 4; lastKnownFileType = sourcecode.c.objc; path = hot_tableView_cell.m; sourceTree = "<group>"; };
		DD53E7031ECC196C008BD057 /* Attention_tableView_cell.h */ = {isa = PBXFileReference; fileEncoding = 4; lastKnownFileType = sourcecode.c.h; path = Attention_tableView_cell.h; sourceTree = "<group>"; };
		DD53E7041ECC196C008BD057 /* Attention_tableView_cell.m */ = {isa = PBXFileReference; fileEncoding = 4; lastKnownFileType = sourcecode.c.objc; path = Attention_tableView_cell.m; sourceTree = "<group>"; };
		DD53E7061ECC41CC008BD057 /* room_display.h */ = {isa = PBXFileReference; fileEncoding = 4; lastKnownFileType = sourcecode.c.h; path = room_display.h; sourceTree = "<group>"; };
		DD53E7071ECC41CD008BD057 /* room_display.m */ = {isa = PBXFileReference; fileEncoding = 4; lastKnownFileType = sourcecode.c.objc; path = room_display.m; sourceTree = "<group>"; };
		DD577CEE1ED57B5800BCBA48 /* Login_viewController.h */ = {isa = PBXFileReference; fileEncoding = 4; lastKnownFileType = sourcecode.c.h; path = Login_viewController.h; sourceTree = "<group>"; };
		DD577CEF1ED57B5800BCBA48 /* Login_viewController.m */ = {isa = PBXFileReference; fileEncoding = 4; lastKnownFileType = sourcecode.c.objc; path = Login_viewController.m; sourceTree = "<group>"; };
		DD577CF11ED57B9900BCBA48 /* Register_ViewController.h */ = {isa = PBXFileReference; fileEncoding = 4; lastKnownFileType = sourcecode.c.h; path = Register_ViewController.h; sourceTree = "<group>"; };
		DD577CF21ED57B9900BCBA48 /* Register_ViewController.m */ = {isa = PBXFileReference; fileEncoding = 4; lastKnownFileType = sourcecode.c.objc; path = Register_ViewController.m; sourceTree = "<group>"; };
		DD616FA41ED7BE5600C5BCC9 /* kr-video-player-close@2x.png */ = {isa = PBXFileReference; lastKnownFileType = image.png; path = "kr-video-player-close@2x.png"; sourceTree = "<group>"; };
		DD616FA51ED7BE5600C5BCC9 /* kr-video-player-close@3x.png */ = {isa = PBXFileReference; lastKnownFileType = image.png; path = "kr-video-player-close@3x.png"; sourceTree = "<group>"; };
		DD616FA61ED7BE5600C5BCC9 /* kr-video-player-fullscreen@2x.png */ = {isa = PBXFileReference; lastKnownFileType = image.png; path = "kr-video-player-fullscreen@2x.png"; sourceTree = "<group>"; };
		DD616FA71ED7BE5600C5BCC9 /* kr-video-player-fullscreen@3x.png */ = {isa = PBXFileReference; lastKnownFileType = image.png; path = "kr-video-player-fullscreen@3x.png"; sourceTree = "<group>"; };
		DD616FA81ED7BE5600C5BCC9 /* kr-video-player-pause@2x.png */ = {isa = PBXFileReference; lastKnownFileType = image.png; path = "kr-video-player-pause@2x.png"; sourceTree = "<group>"; };
		DD616FA91ED7BE5600C5BCC9 /* kr-video-player-pause@3x.png */ = {isa = PBXFileReference; lastKnownFileType = image.png; path = "kr-video-player-pause@3x.png"; sourceTree = "<group>"; };
		DD616FAA1ED7BE5600C5BCC9 /* kr-video-player-play@2x.png */ = {isa = PBXFileReference; lastKnownFileType = image.png; path = "kr-video-player-play@2x.png"; sourceTree = "<group>"; };
		DD616FAB1ED7BE5600C5BCC9 /* kr-video-player-play@3x.png */ = {isa = PBXFileReference; lastKnownFileType = image.png; path = "kr-video-player-play@3x.png"; sourceTree = "<group>"; };
		DD616FAC1ED7BE5600C5BCC9 /* kr-video-player-point@2x.png */ = {isa = PBXFileReference; lastKnownFileType = image.png; path = "kr-video-player-point@2x.png"; sourceTree = "<group>"; };
		DD616FAD1ED7BE5600C5BCC9 /* kr-video-player-point@3x.png */ = {isa = PBXFileReference; lastKnownFileType = image.png; path = "kr-video-player-point@3x.png"; sourceTree = "<group>"; };
		DD616FAE1ED7BE5600C5BCC9 /* kr-video-player-shrinkscreen@2x.png */ = {isa = PBXFileReference; lastKnownFileType = image.png; path = "kr-video-player-shrinkscreen@2x.png"; sourceTree = "<group>"; };
		DD616FAF1ED7BE5600C5BCC9 /* kr-video-player-shrinkscreen@3x.png */ = {isa = PBXFileReference; lastKnownFileType = image.png; path = "kr-video-player-shrinkscreen@3x.png"; sourceTree = "<group>"; };
		DD616FB01ED7BE5600C5BCC9 /* zx-video-banner-back.png */ = {isa = PBXFileReference; lastKnownFileType = image.png; path = "zx-video-banner-back.png"; sourceTree = "<group>"; };
		DD616FB11ED7BE5600C5BCC9 /* zx-video-banner-back@2x.png */ = {isa = PBXFileReference; lastKnownFileType = image.png; path = "zx-video-banner-back@2x.png"; sourceTree = "<group>"; };
		DD616FB21ED7BE5600C5BCC9 /* zx-video-player-brightness@2x.png */ = {isa = PBXFileReference; lastKnownFileType = image.png; path = "zx-video-player-brightness@2x.png"; sourceTree = "<group>"; };
		DD616FB31ED7BE5600C5BCC9 /* zx-video-player-brightness@3x.png */ = {isa = PBXFileReference; lastKnownFileType = image.png; path = "zx-video-player-brightness@3x.png"; sourceTree = "<group>"; };
		DD616FB41ED7BE5600C5BCC9 /* zx-video-player-fastForward@2x.png */ = {isa = PBXFileReference; lastKnownFileType = image.png; path = "zx-video-player-fastForward@2x.png"; sourceTree = "<group>"; };
		DD616FB51ED7BE5600C5BCC9 /* zx-video-player-fastForward@3x.png */ = {isa = PBXFileReference; lastKnownFileType = image.png; path = "zx-video-player-fastForward@3x.png"; sourceTree = "<group>"; };
		DD616FB61ED7BE5600C5BCC9 /* zx-video-player-lock@2x.png */ = {isa = PBXFileReference; lastKnownFileType = image.png; path = "zx-video-player-lock@2x.png"; sourceTree = "<group>"; };
		DD616FB71ED7BE5600C5BCC9 /* zx-video-player-lock@3x.png */ = {isa = PBXFileReference; lastKnownFileType = image.png; path = "zx-video-player-lock@3x.png"; sourceTree = "<group>"; };
		DD616FB81ED7BE5600C5BCC9 /* zx-video-player-rewind@2x.png */ = {isa = PBXFileReference; lastKnownFileType = image.png; path = "zx-video-player-rewind@2x.png"; sourceTree = "<group>"; };
		DD616FB91ED7BE5600C5BCC9 /* zx-video-player-rewind@3x.png */ = {isa = PBXFileReference; lastKnownFileType = image.png; path = "zx-video-player-rewind@3x.png"; sourceTree = "<group>"; };
		DD616FBA1ED7BE5600C5BCC9 /* zx-video-player-unlock@2x.png */ = {isa = PBXFileReference; lastKnownFileType = image.png; path = "zx-video-player-unlock@2x.png"; sourceTree = "<group>"; };
		DD616FBB1ED7BE5600C5BCC9 /* zx-video-player-unlock@3x.png */ = {isa = PBXFileReference; lastKnownFileType = image.png; path = "zx-video-player-unlock@3x.png"; sourceTree = "<group>"; };
		DD616FBC1ED7BE5600C5BCC9 /* zx-video-player-volume@2x.png */ = {isa = PBXFileReference; lastKnownFileType = image.png; path = "zx-video-player-volume@2x.png"; sourceTree = "<group>"; };
		DD616FBD1ED7BE5600C5BCC9 /* zx-video-player-volume@3x.png */ = {isa = PBXFileReference; lastKnownFileType = image.png; path = "zx-video-player-volume@3x.png"; sourceTree = "<group>"; };
		DD616FBE1ED7BE5600C5BCC9 /* zx-video-player-volumeMute@2x.png */ = {isa = PBXFileReference; lastKnownFileType = image.png; path = "zx-video-player-volumeMute@2x.png"; sourceTree = "<group>"; };
		DD616FBF1ED7BE5600C5BCC9 /* zx-video-player-volumeMute@3x.png */ = {isa = PBXFileReference; lastKnownFileType = image.png; path = "zx-video-player-volumeMute@3x.png"; sourceTree = "<group>"; };
		DD616FC01ED7BE5600C5BCC9 /* ZXVideo.h */ = {isa = PBXFileReference; fileEncoding = 4; lastKnownFileType = sourcecode.c.h; path = ZXVideo.h; sourceTree = "<group>"; };
		DD616FC11ED7BE5600C5BCC9 /* ZXVideo.m */ = {isa = PBXFileReference; fileEncoding = 4; lastKnownFileType = sourcecode.c.objc; path = ZXVideo.m; sourceTree = "<group>"; };
		DD616FC21ED7BE5600C5BCC9 /* ZXVideoPlayerBatteryView.h */ = {isa = PBXFileReference; fileEncoding = 4; lastKnownFileType = sourcecode.c.h; path = ZXVideoPlayerBatteryView.h; sourceTree = "<group>"; };
		DD616FC31ED7BE5600C5BCC9 /* ZXVideoPlayerBatteryView.m */ = {isa = PBXFileReference; fileEncoding = 4; lastKnownFileType = sourcecode.c.objc; path = ZXVideoPlayerBatteryView.m; sourceTree = "<group>"; };
		DD616FC41ED7BE5600C5BCC9 /* ZXVideoPlayerBrightnessView.h */ = {isa = PBXFileReference; fileEncoding = 4; lastKnownFileType = sourcecode.c.h; path = ZXVideoPlayerBrightnessView.h; sourceTree = "<group>"; };
		DD616FC51ED7BE5600C5BCC9 /* ZXVideoPlayerBrightnessView.m */ = {isa = PBXFileReference; fileEncoding = 4; lastKnownFileType = sourcecode.c.objc; path = ZXVideoPlayerBrightnessView.m; sourceTree = "<group>"; };
		DD616FC61ED7BE5600C5BCC9 /* ZXVideoPlayerControlView.h */ = {isa = PBXFileReference; fileEncoding = 4; lastKnownFileType = sourcecode.c.h; path = ZXVideoPlayerControlView.h; sourceTree = "<group>"; };
		DD616FC71ED7BE5600C5BCC9 /* ZXVideoPlayerControlView.m */ = {isa = PBXFileReference; fileEncoding = 4; lastKnownFileType = sourcecode.c.objc; path = ZXVideoPlayerControlView.m; sourceTree = "<group>"; };
		DD616FC81ED7BE5600C5BCC9 /* ZXVideoPlayerController.h */ = {isa = PBXFileReference; fileEncoding = 4; lastKnownFileType = sourcecode.c.h; path = ZXVideoPlayerController.h; sourceTree = "<group>"; };
		DD616FC91ED7BE5600C5BCC9 /* ZXVideoPlayerController.m */ = {isa = PBXFileReference; fileEncoding = 4; lastKnownFileType = sourcecode.c.objc; path = ZXVideoPlayerController.m; sourceTree = "<group>"; };
		DD616FCA1ED7BE5600C5BCC9 /* ZXVideoPlayerTimeIndicatorView.h */ = {isa = PBXFileReference; fileEncoding = 4; lastKnownFileType = sourcecode.c.h; path = ZXVideoPlayerTimeIndicatorView.h; sourceTree = "<group>"; };
		DD616FCB1ED7BE5600C5BCC9 /* ZXVideoPlayerTimeIndicatorView.m */ = {isa = PBXFileReference; fileEncoding = 4; lastKnownFileType = sourcecode.c.objc; path = ZXVideoPlayerTimeIndicatorView.m; sourceTree = "<group>"; };
		DD616FCC1ED7BE5600C5BCC9 /* ZXVideoPlayerVolumeView.h */ = {isa = PBXFileReference; fileEncoding = 4; lastKnownFileType = sourcecode.c.h; path = ZXVideoPlayerVolumeView.h; sourceTree = "<group>"; };
		DD616FCD1ED7BE5600C5BCC9 /* ZXVideoPlayerVolumeView.m */ = {isa = PBXFileReference; fileEncoding = 4; lastKnownFileType = sourcecode.c.objc; path = ZXVideoPlayerVolumeView.m; sourceTree = "<group>"; };
		DD616FF31ED7BEA500C5BCC9 /* VideoPlayViewController.h */ = {isa = PBXFileReference; fileEncoding = 4; lastKnownFileType = sourcecode.c.h; path = VideoPlayViewController.h; sourceTree = "<group>"; };
		DD616FF41ED7BEA500C5BCC9 /* VideoPlayViewController.m */ = {isa = PBXFileReference; fileEncoding = 4; lastKnownFileType = sourcecode.c.objc; path = VideoPlayViewController.m; sourceTree = "<group>"; };
		DD616FF71ED7D2CD00C5BCC9 /* DT_video_share_VC.h */ = {isa = PBXFileReference; fileEncoding = 4; lastKnownFileType = sourcecode.c.h; path = DT_video_share_VC.h; sourceTree = "<group>"; };
		DD616FF81ED7D2CD00C5BCC9 /* DT_video_share_VC.m */ = {isa = PBXFileReference; fileEncoding = 4; lastKnownFileType = sourcecode.c.objc; path = DT_video_share_VC.m; sourceTree = "<group>"; };
		DD61F38E1ECD45AE004CF98D /* DT_display_tableView.h */ = {isa = PBXFileReference; fileEncoding = 4; lastKnownFileType = sourcecode.c.h; path = DT_display_tableView.h; sourceTree = "<group>"; };
		DD61F38F1ECD45AE004CF98D /* DT_display_tableView.m */ = {isa = PBXFileReference; fileEncoding = 4; lastKnownFileType = sourcecode.c.objc; path = DT_display_tableView.m; sourceTree = "<group>"; };
		DD61F3921ECD45DD004CF98D /* DT_chat_tableView.h */ = {isa = PBXFileReference; fileEncoding = 4; lastKnownFileType = sourcecode.c.h; path = DT_chat_tableView.h; sourceTree = "<group>"; };
		DD61F3931ECD45DD004CF98D /* DT_chat_tableView.m */ = {isa = PBXFileReference; fileEncoding = 4; lastKnownFileType = sourcecode.c.objc; path = DT_chat_tableView.m; sourceTree = "<group>"; };
		DD61F3981ECD463C004CF98D /* DT_display_tableView_cell.h */ = {isa = PBXFileReference; fileEncoding = 4; lastKnownFileType = sourcecode.c.h; path = DT_display_tableView_cell.h; sourceTree = "<group>"; };
		DD61F3991ECD463C004CF98D /* DT_display_tableView_cell.m */ = {isa = PBXFileReference; fileEncoding = 4; lastKnownFileType = sourcecode.c.objc; path = DT_display_tableView_cell.m; sourceTree = "<group>"; };
		DD61F39B1ECD6979004CF98D /* party.png */ = {isa = PBXFileReference; lastKnownFileType = image.png; path = party.png; sourceTree = "<group>"; };
		DD61F39C1ECD6979004CF98D /* party2.png */ = {isa = PBXFileReference; lastKnownFileType = image.png; path = party2.png; sourceTree = "<group>"; };
		DD61F3AE1ECD82EC004CF98D /* DT_doctor_help_VC.h */ = {isa = PBXFileReference; fileEncoding = 4; lastKnownFileType = sourcecode.c.h; path = DT_doctor_help_VC.h; sourceTree = "<group>"; };
		DD61F3AF1ECD82EC004CF98D /* DT_doctor_help_VC.m */ = {isa = PBXFileReference; fileEncoding = 4; lastKnownFileType = sourcecode.c.objc; path = DT_doctor_help_VC.m; sourceTree = "<group>"; };
		DD61F3B11ECD830F004CF98D /* DT_scroller_picture.h */ = {isa = PBXFileReference; fileEncoding = 4; lastKnownFileType = sourcecode.c.h; path = DT_scroller_picture.h; sourceTree = "<group>"; };
		DD61F3B21ECD830F004CF98D /* DT_scroller_picture.m */ = {isa = PBXFileReference; fileEncoding = 4; lastKnownFileType = sourcecode.c.objc; path = DT_scroller_picture.m; sourceTree = "<group>"; };
		DD61F3BD1ECD871E004CF98D /* ylmain.png */ = {isa = PBXFileReference; lastKnownFileType = image.png; path = ylmain.png; sourceTree = "<group>"; };
		DD63B1691EC2A83600726783 /* 点家慧2.0.app */ = {isa = PBXFileReference; explicitFileType = wrapper.application; includeInIndex = 0; path = "点家慧2.0.app"; sourceTree = BUILT_PRODUCTS_DIR; };
		DD63B16D1EC2A83600726783 /* main.m */ = {isa = PBXFileReference; lastKnownFileType = sourcecode.c.objc; path = main.m; sourceTree = "<group>"; };
		DD63B16F1EC2A83600726783 /* AppDelegate.h */ = {isa = PBXFileReference; lastKnownFileType = sourcecode.c.h; path = AppDelegate.h; sourceTree = "<group>"; };
		DD63B1701EC2A83600726783 /* AppDelegate.m */ = {isa = PBXFileReference; lastKnownFileType = sourcecode.c.objc; path = AppDelegate.m; sourceTree = "<group>"; };
		DD63B1761EC2A83600726783 /* Base */ = {isa = PBXFileReference; lastKnownFileType = file.storyboard; name = Base; path = Base.lproj/Main.storyboard; sourceTree = "<group>"; };
		DD63B1781EC2A83600726783 /* Assets.xcassets */ = {isa = PBXFileReference; lastKnownFileType = folder.assetcatalog; path = Assets.xcassets; sourceTree = "<group>"; };
		DD63B17B1EC2A83600726783 /* Base */ = {isa = PBXFileReference; lastKnownFileType = file.storyboard; name = Base; path = Base.lproj/LaunchScreen.storyboard; sourceTree = "<group>"; };
		DD63B17D1EC2A83600726783 /* Info.plist */ = {isa = PBXFileReference; lastKnownFileType = text.plist.xml; path = Info.plist; sourceTree = "<group>"; };
		DD63B1821EC2A83600726783 /* 点家慧2.0Tests.xctest */ = {isa = PBXFileReference; explicitFileType = wrapper.cfbundle; includeInIndex = 0; path = "点家慧2.0Tests.xctest"; sourceTree = BUILT_PRODUCTS_DIR; };
		DD63B1861EC2A83600726783 /* ___2_0Tests.m */ = {isa = PBXFileReference; lastKnownFileType = sourcecode.c.objc; path = "___2_0Tests.m"; sourceTree = "<group>"; };
		DD63B1881EC2A83600726783 /* Info.plist */ = {isa = PBXFileReference; lastKnownFileType = text.plist.xml; path = Info.plist; sourceTree = "<group>"; };
		DD63B18D1EC2A83600726783 /* 点家慧2.0UITests.xctest */ = {isa = PBXFileReference; explicitFileType = wrapper.cfbundle; includeInIndex = 0; path = "点家慧2.0UITests.xctest"; sourceTree = BUILT_PRODUCTS_DIR; };
		DD63B1911EC2A83600726783 /* ___2_0UITests.m */ = {isa = PBXFileReference; lastKnownFileType = sourcecode.c.objc; path = "___2_0UITests.m"; sourceTree = "<group>"; };
		DD63B1931EC2A83600726783 /* Info.plist */ = {isa = PBXFileReference; lastKnownFileType = text.plist.xml; path = Info.plist; sourceTree = "<group>"; };
		DD63B19F1EC2A87200726783 /* Base__ViewController.h */ = {isa = PBXFileReference; fileEncoding = 4; lastKnownFileType = sourcecode.c.h; path = Base__ViewController.h; sourceTree = "<group>"; };
		DD63B1A01EC2A87200726783 /* Base__ViewController.m */ = {isa = PBXFileReference; fileEncoding = 4; lastKnownFileType = sourcecode.c.objc; path = Base__ViewController.m; sourceTree = "<group>"; };
		DD63B1A21EC2A88300726783 /* PrefixHeader.pch */ = {isa = PBXFileReference; lastKnownFileType = sourcecode.c.h; path = PrefixHeader.pch; sourceTree = "<group>"; };
		DD63B1A61EC2A8DA00726783 /* Main__ViewController.h */ = {isa = PBXFileReference; fileEncoding = 4; lastKnownFileType = sourcecode.c.h; path = Main__ViewController.h; sourceTree = "<group>"; };
		DD63B1A71EC2A8DA00726783 /* Main__ViewController.m */ = {isa = PBXFileReference; fileEncoding = 4; lastKnownFileType = sourcecode.c.objc; path = Main__ViewController.m; sourceTree = "<group>"; };
		DD63B1A91EC2A8E900726783 /* message__ViewController.h */ = {isa = PBXFileReference; fileEncoding = 4; lastKnownFileType = sourcecode.c.h; path = message__ViewController.h; sourceTree = "<group>"; };
		DD63B1AA1EC2A8E900726783 /* message__ViewController.m */ = {isa = PBXFileReference; fileEncoding = 4; lastKnownFileType = sourcecode.c.objc; path = message__ViewController.m; sourceTree = "<group>"; };
		DD63B1AC1EC2A8F800726783 /* My__ViewController.h */ = {isa = PBXFileReference; fileEncoding = 4; lastKnownFileType = sourcecode.c.h; path = My__ViewController.h; sourceTree = "<group>"; };
		DD63B1AD1EC2A8F800726783 /* My__ViewController.m */ = {isa = PBXFileReference; fileEncoding = 4; lastKnownFileType = sourcecode.c.objc; path = My__ViewController.m; sourceTree = "<group>"; };
		DD63B1AF1EC2B66000726783 /* MainDisplay.png */ = {isa = PBXFileReference; lastKnownFileType = image.png; path = MainDisplay.png; sourceTree = "<group>"; };
		DD63B1B41EC2BA5D00726783 /* yule.png */ = {isa = PBXFileReference; lastKnownFileType = image.png; path = yule.png; sourceTree = "<group>"; };
		DD63B1B61EC2BA8400726783 /* yiyuan.png */ = {isa = PBXFileReference; lastKnownFileType = image.png; path = yiyuan.png; sourceTree = "<group>"; };
		DD63B1B81EC2BD0700726783 /* yisheng.png */ = {isa = PBXFileReference; lastKnownFileType = image.png; path = yisheng.png; sourceTree = "<group>"; };
		DD63B1BA1EC2C10E00726783 /* home.png */ = {isa = PBXFileReference; lastKnownFileType = image.png; path = home.png; sourceTree = "<group>"; };
		DD63B1BC1EC2D8B400726783 /* news@3x.png */ = {isa = PBXFileReference; lastKnownFileType = image.png; path = "news@3x.png"; sourceTree = "<group>"; };
		DD63B1BE1EC2D8CE00726783 /* my@3x.png */ = {isa = PBXFileReference; lastKnownFileType = image.png; path = "my@3x.png"; sourceTree = "<group>"; };
		DD63B1C01EC2D8E700726783 /* home_page@3x.png */ = {isa = PBXFileReference; lastKnownFileType = image.png; path = "home_page@3x.png"; sourceTree = "<group>"; };
		DD63B1C21EC2D98C00726783 /* home@3x.png */ = {isa = PBXFileReference; lastKnownFileType = image.png; path = "home@3x.png"; sourceTree = "<group>"; };
		DD63B1C41EC2E7FE00726783 /* YuLe__ViewController.h */ = {isa = PBXFileReference; fileEncoding = 4; lastKnownFileType = sourcecode.c.h; path = YuLe__ViewController.h; sourceTree = "<group>"; };
		DD63B1C51EC2E7FE00726783 /* YuLe__ViewController.m */ = {isa = PBXFileReference; fileEncoding = 4; lastKnownFileType = sourcecode.c.objc; path = YuLe__ViewController.m; sourceTree = "<group>"; };
		DD63B1C91EC2E94800726783 /* help__ViewController.h */ = {isa = PBXFileReference; fileEncoding = 4; lastKnownFileType = sourcecode.c.h; path = help__ViewController.h; sourceTree = "<group>"; };
		DD63B1CA1EC2E94800726783 /* help__ViewController.m */ = {isa = PBXFileReference; fileEncoding = 4; lastKnownFileType = sourcecode.c.objc; path = help__ViewController.m; sourceTree = "<group>"; };
		DD63B1CC1EC2F9F200726783 /* UIView+Frame.h */ = {isa = PBXFileReference; fileEncoding = 4; lastKnownFileType = sourcecode.c.h; name = "UIView+Frame.h"; path = "点家慧2.0/UIView+Frame.h"; sourceTree = "<group>"; };
		DD63B1CD1EC2F9F200726783 /* UIView+Frame.m */ = {isa = PBXFileReference; fileEncoding = 4; lastKnownFileType = sourcecode.c.objc; name = "UIView+Frame.m"; path = "点家慧2.0/UIView+Frame.m"; sourceTree = "<group>"; };
		DD652CDE1ED9283000A48F34 /* DT_mangeTableviewCell.h */ = {isa = PBXFileReference; fileEncoding = 4; lastKnownFileType = sourcecode.c.h; path = DT_mangeTableviewCell.h; sourceTree = "<group>"; };
		DD652CDF1ED9283000A48F34 /* DT_mangeTableviewCell.m */ = {isa = PBXFileReference; fileEncoding = 4; lastKnownFileType = sourcecode.c.objc; path = DT_mangeTableviewCell.m; sourceTree = "<group>"; };
		DD7160761EC593C000F57F5D /* DT_YuFooterView.h */ = {isa = PBXFileReference; fileEncoding = 4; lastKnownFileType = sourcecode.c.h; path = DT_YuFooterView.h; sourceTree = "<group>"; };
		DD7160771EC593C000F57F5D /* DT_YuFooterView.m */ = {isa = PBXFileReference; fileEncoding = 4; lastKnownFileType = sourcecode.c.objc; path = DT_YuFooterView.m; sourceTree = "<group>"; };
		DD7160791EC5A49A00F57F5D /* DT_meTable_cell.h */ = {isa = PBXFileReference; fileEncoding = 4; lastKnownFileType = sourcecode.c.h; path = DT_meTable_cell.h; sourceTree = "<group>"; };
		DD71607A1EC5A49A00F57F5D /* DT_meTable_cell.m */ = {isa = PBXFileReference; fileEncoding = 4; lastKnownFileType = sourcecode.c.objc; path = DT_meTable_cell.m; sourceTree = "<group>"; };
		DD71607C1EC5BA8000F57F5D /* DT_creat_16_btn.h */ = {isa = PBXFileReference; fileEncoding = 4; lastKnownFileType = sourcecode.c.h; path = DT_creat_16_btn.h; sourceTree = "<group>"; };
		DD71607D1EC5BA8000F57F5D /* DT_creat_16_btn.m */ = {isa = PBXFileReference; fileEncoding = 4; lastKnownFileType = sourcecode.c.objc; path = DT_creat_16_btn.m; sourceTree = "<group>"; };
		DD71607F1EC5BAC900F57F5D /* DT_creatAlph_0_Btn.h */ = {isa = PBXFileReference; fileEncoding = 4; lastKnownFileType = sourcecode.c.h; path = DT_creatAlph_0_Btn.h; sourceTree = "<group>"; };
		DD7160801EC5BAC900F57F5D /* DT_creatAlph_0_Btn.m */ = {isa = PBXFileReference; fileEncoding = 4; lastKnownFileType = sourcecode.c.objc; path = DT_creatAlph_0_Btn.m; sourceTree = "<group>"; };
		DDA2C8581ECA91A9008F5260 /* RoomDetailDisplay.h */ = {isa = PBXFileReference; fileEncoding = 4; lastKnownFileType = sourcecode.c.h; path = RoomDetailDisplay.h; sourceTree = "<group>"; };
		DDA2C8591ECA91AA008F5260 /* RoomDetailDisplay.m */ = {isa = PBXFileReference; fileEncoding = 4; lastKnownFileType = sourcecode.c.objc; path = RoomDetailDisplay.m; sourceTree = "<group>"; };
		DDA2C85C1ECABF37008F5260 /* DT_searchView.h */ = {isa = PBXFileReference; fileEncoding = 4; lastKnownFileType = sourcecode.c.h; path = DT_searchView.h; sourceTree = "<group>"; };
		DDA2C85D1ECABF37008F5260 /* DT_searchView.m */ = {isa = PBXFileReference; fileEncoding = 4; lastKnownFileType = sourcecode.c.objc; path = DT_searchView.m; sourceTree = "<group>"; };
		DDA2C8601ECADC86008F5260 /* DT_kindOfSelectButton.h */ = {isa = PBXFileReference; fileEncoding = 4; lastKnownFileType = sourcecode.c.h; path = DT_kindOfSelectButton.h; sourceTree = "<group>"; };
		DDA2C8611ECADC86008F5260 /* DT_kindOfSelectButton.m */ = {isa = PBXFileReference; fileEncoding = 4; lastKnownFileType = sourcecode.c.objc; path = DT_kindOfSelectButton.m; sourceTree = "<group>"; };
		DDA2C8631ECB0513008F5260 /* DT_searchDetailView.h */ = {isa = PBXFileReference; fileEncoding = 4; lastKnownFileType = sourcecode.c.h; path = DT_searchDetailView.h; sourceTree = "<group>"; };
		DDA2C8641ECB0513008F5260 /* DT_searchDetailView.m */ = {isa = PBXFileReference; fileEncoding = 4; lastKnownFileType = sourcecode.c.objc; path = DT_searchDetailView.m; sourceTree = "<group>"; };
		DDDF40E51EC4444C0096CC26 /* imageBtn.png */ = {isa = PBXFileReference; lastKnownFileType = image.png; path = imageBtn.png; sourceTree = "<group>"; };
		DDDF40E81EC44AAF0096CC26 /* RoomDetialView.h */ = {isa = PBXFileReference; fileEncoding = 4; lastKnownFileType = sourcecode.c.h; path = RoomDetialView.h; sourceTree = "<group>"; };
		DDDF40E91EC44AAF0096CC26 /* RoomDetialView.m */ = {isa = PBXFileReference; fileEncoding = 4; lastKnownFileType = sourcecode.c.objc; path = RoomDetialView.m; sourceTree = "<group>"; };
/* End PBXFileReference section */

/* Begin PBXFrameworksBuildPhase section */
		DD63B1661EC2A83600726783 /* Frameworks */ = {
			isa = PBXFrameworksBuildPhase;
			buildActionMask = 2147483647;
			files = (
			);
			runOnlyForDeploymentPostprocessing = 0;
		};
		DD63B17F1EC2A83600726783 /* Frameworks */ = {
			isa = PBXFrameworksBuildPhase;
			buildActionMask = 2147483647;
			files = (
			);
			runOnlyForDeploymentPostprocessing = 0;
		};
		DD63B18A1EC2A83600726783 /* Frameworks */ = {
			isa = PBXFrameworksBuildPhase;
			buildActionMask = 2147483647;
			files = (
			);
			runOnlyForDeploymentPostprocessing = 0;
		};
/* End PBXFrameworksBuildPhase section */

/* Begin PBXGroup section */
		DD3713FC1ED82E4A006C8756 /* DT_room_mange_from_roomDisplay */ = {
			isa = PBXGroup;
			children = (
				DD3713F91ED8119B006C8756 /* DT_mangeRoom.h */,
				DD3713FA1ED8119B006C8756 /* DT_mangeRoom.m */,
				DD652CDE1ED9283000A48F34 /* DT_mangeTableviewCell.h */,
				DD652CDF1ED9283000A48F34 /* DT_mangeTableviewCell.m */,
				DD3713FD1ED82E7E006C8756 /* DT_pushVideoVC.h */,
				DD3713FE1ED82E7E006C8756 /* DT_pushVideoVC.m */,
				DD3714001ED82E8F006C8756 /* DT_pushPictureVC.h */,
				DD3714011ED82E8F006C8756 /* DT_pushPictureVC.m */,
				DD3714031ED82EA0006C8756 /* DT_pushTextVC.h */,
				DD3714041ED82EA0006C8756 /* DT_pushTextVC.m */,
			);
			name = DT_room_mange_from_roomDisplay;
			sourceTree = "<group>";
		};
		DD4FDD6D1ED27EAA005A5FA1 /* DT_tableView_cell */ = {
			isa = PBXGroup;
			children = (
				DD4FDD631ED27E1C005A5FA1 /* DT_text_room_cell.h */,
				DD4FDD641ED27E1D005A5FA1 /* DT_text_room_cell.m */,
				DD4FDD661ED27E34005A5FA1 /* DT_picture_room_cell.h */,
				DD4FDD671ED27E34005A5FA1 /* DT_picture_room_cell.m */,
				DD4FDD691ED27E47005A5FA1 /* DT_video_room_cell.h */,
				DD4FDD6A1ED27E47005A5FA1 /* DT_video_room_cell.m */,
			);
			name = DT_tableView_cell;
			sourceTree = "<group>";
		};
		DD53E6EE1ECBE09F008BD057 /* kind_select_btn */ = {
			isa = PBXGroup;
			children = (
				DDA2C8601ECADC86008F5260 /* DT_kindOfSelectButton.h */,
				DDA2C8611ECADC86008F5260 /* DT_kindOfSelectButton.m */,
			);
			name = kind_select_btn;
			sourceTree = "<group>";
		};
		DD53E6EF1ECBE893008BD057 /* Hotattention—AttentionRoom */ = {
			isa = PBXGroup;
			children = (
				DD53E6F01ECBE957008BD057 /* hot_attentionRoom_Btn.h */,
				DD53E6F11ECBE957008BD057 /* hot_attentionRoom_Btn.m */,
			);
			name = "Hotattention—AttentionRoom";
			sourceTree = "<group>";
		};
		DD53E6F31ECBED5A008BD057 /* 展示房间TableView */ = {
			isa = PBXGroup;
			children = (
				DD53E6FE1ECC18D3008BD057 /* Hot__tableView */,
				DD53E6FF1ECC18E9008BD057 /* Attention_tableview */,
			);
			name = "展示房间TableView";
			sourceTree = "<group>";
		};
		DD53E6FA1ECBEE6C008BD057 /* scrollView_show_tableview */ = {
			isa = PBXGroup;
			children = (
				DD53E6FB1ECBEED3008BD057 /* DT_scrollview_show_tableview.h */,
				DD53E6FC1ECBEED3008BD057 /* DT_scrollview_show_tableview.m */,
				DD53E6F31ECBED5A008BD057 /* 展示房间TableView */,
			);
			name = scrollView_show_tableview;
			sourceTree = "<group>";
		};
		DD53E6FE1ECC18D3008BD057 /* Hot__tableView */ = {
			isa = PBXGroup;
			children = (
				DD53E6F41ECBEDB0008BD057 /* DT_Hot_tableview.h */,
				DD53E6F51ECBEDB0008BD057 /* DT_Hot_tableview.m */,
				DD53E7001ECC1955008BD057 /* hot_tableView_cell.h */,
				DD53E7011ECC1955008BD057 /* hot_tableView_cell.m */,
				DD53E7061ECC41CC008BD057 /* room_display.h */,
				DD53E7071ECC41CD008BD057 /* room_display.m */,
				DD3713FC1ED82E4A006C8756 /* DT_room_mange_from_roomDisplay */,
				DD61F38D1ECD4565004CF98D /* DT_display_tableView */,
				DD61F3911ECD45B6004CF98D /* DT_chat_tableView */,
				DD61F39F1ECD7F75004CF98D /* kind_of_room */,
			);
			name = Hot__tableView;
			sourceTree = "<group>";
		};
		DD53E6FF1ECC18E9008BD057 /* Attention_tableview */ = {
			isa = PBXGroup;
			children = (
				DD53E6F71ECBEDD3008BD057 /* DT_attention_tableView.h */,
				DD53E6F81ECBEDD3008BD057 /* DT_attention_tableView.m */,
				DD53E7031ECC196C008BD057 /* Attention_tableView_cell.h */,
				DD53E7041ECC196C008BD057 /* Attention_tableView_cell.m */,
			);
			name = Attention_tableview;
			sourceTree = "<group>";
		};
		DD577CED1ED57AA600BCBA48 /* Login——viewcontrol */ = {
			isa = PBXGroup;
			children = (
				DD577CEE1ED57B5800BCBA48 /* Login_viewController.h */,
				DD577CEF1ED57B5800BCBA48 /* Login_viewController.m */,
				DD577CF11ED57B9900BCBA48 /* Register_ViewController.h */,
				DD577CF21ED57B9900BCBA48 /* Register_ViewController.m */,
			);
			name = "Login——viewcontrol";
			sourceTree = "<group>";
		};
		DD616FA11ED7BCDE00C5BCC9 /* video___VC  & third party */ = {
			isa = PBXGroup;
			children = (
				DD616FF31ED7BEA500C5BCC9 /* VideoPlayViewController.h */,
				DD616FF41ED7BEA500C5BCC9 /* VideoPlayViewController.m */,
				DD28CC4C1ED6C47B0041180D /* DT_PlayVideoViewController.h */,
				DD28CC4D1ED6C47B0041180D /* DT_PlayVideoViewController.m */,
				DD616FF71ED7D2CD00C5BCC9 /* DT_video_share_VC.h */,
				DD616FF81ED7D2CD00C5BCC9 /* DT_video_share_VC.m */,
				DD616FA21ED7BE5600C5BCC9 /* ZXVideoPlayer */,
			);
			name = "video___VC  & third party";
			sourceTree = "<group>";
		};
		DD616FA21ED7BE5600C5BCC9 /* ZXVideoPlayer */ = {
			isa = PBXGroup;
			children = (
				DD616FA31ED7BE5600C5BCC9 /* Assets */,
				DD616FC01ED7BE5600C5BCC9 /* ZXVideo.h */,
				DD616FC11ED7BE5600C5BCC9 /* ZXVideo.m */,
				DD616FC21ED7BE5600C5BCC9 /* ZXVideoPlayerBatteryView.h */,
				DD616FC31ED7BE5600C5BCC9 /* ZXVideoPlayerBatteryView.m */,
				DD616FC41ED7BE5600C5BCC9 /* ZXVideoPlayerBrightnessView.h */,
				DD616FC51ED7BE5600C5BCC9 /* ZXVideoPlayerBrightnessView.m */,
				DD616FC61ED7BE5600C5BCC9 /* ZXVideoPlayerControlView.h */,
				DD616FC71ED7BE5600C5BCC9 /* ZXVideoPlayerControlView.m */,
				DD616FC81ED7BE5600C5BCC9 /* ZXVideoPlayerController.h */,
				DD616FC91ED7BE5600C5BCC9 /* ZXVideoPlayerController.m */,
				DD616FCA1ED7BE5600C5BCC9 /* ZXVideoPlayerTimeIndicatorView.h */,
				DD616FCB1ED7BE5600C5BCC9 /* ZXVideoPlayerTimeIndicatorView.m */,
				DD616FCC1ED7BE5600C5BCC9 /* ZXVideoPlayerVolumeView.h */,
				DD616FCD1ED7BE5600C5BCC9 /* ZXVideoPlayerVolumeView.m */,
			);
			path = ZXVideoPlayer;
			sourceTree = "<group>";
		};
		DD616FA31ED7BE5600C5BCC9 /* Assets */ = {
			isa = PBXGroup;
			children = (
				DD616FA41ED7BE5600C5BCC9 /* kr-video-player-close@2x.png */,
				DD616FA51ED7BE5600C5BCC9 /* kr-video-player-close@3x.png */,
				DD616FA61ED7BE5600C5BCC9 /* kr-video-player-fullscreen@2x.png */,
				DD616FA71ED7BE5600C5BCC9 /* kr-video-player-fullscreen@3x.png */,
				DD616FA81ED7BE5600C5BCC9 /* kr-video-player-pause@2x.png */,
				DD616FA91ED7BE5600C5BCC9 /* kr-video-player-pause@3x.png */,
				DD616FAA1ED7BE5600C5BCC9 /* kr-video-player-play@2x.png */,
				DD616FAB1ED7BE5600C5BCC9 /* kr-video-player-play@3x.png */,
				DD616FAC1ED7BE5600C5BCC9 /* kr-video-player-point@2x.png */,
				DD616FAD1ED7BE5600C5BCC9 /* kr-video-player-point@3x.png */,
				DD616FAE1ED7BE5600C5BCC9 /* kr-video-player-shrinkscreen@2x.png */,
				DD616FAF1ED7BE5600C5BCC9 /* kr-video-player-shrinkscreen@3x.png */,
				DD616FB01ED7BE5600C5BCC9 /* zx-video-banner-back.png */,
				DD616FB11ED7BE5600C5BCC9 /* zx-video-banner-back@2x.png */,
				DD616FB21ED7BE5600C5BCC9 /* zx-video-player-brightness@2x.png */,
				DD616FB31ED7BE5600C5BCC9 /* zx-video-player-brightness@3x.png */,
				DD616FB41ED7BE5600C5BCC9 /* zx-video-player-fastForward@2x.png */,
				DD616FB51ED7BE5600C5BCC9 /* zx-video-player-fastForward@3x.png */,
				DD616FB61ED7BE5600C5BCC9 /* zx-video-player-lock@2x.png */,
				DD616FB71ED7BE5600C5BCC9 /* zx-video-player-lock@3x.png */,
				DD616FB81ED7BE5600C5BCC9 /* zx-video-player-rewind@2x.png */,
				DD616FB91ED7BE5600C5BCC9 /* zx-video-player-rewind@3x.png */,
				DD616FBA1ED7BE5600C5BCC9 /* zx-video-player-unlock@2x.png */,
				DD616FBB1ED7BE5600C5BCC9 /* zx-video-player-unlock@3x.png */,
				DD616FBC1ED7BE5600C5BCC9 /* zx-video-player-volume@2x.png */,
				DD616FBD1ED7BE5600C5BCC9 /* zx-video-player-volume@3x.png */,
				DD616FBE1ED7BE5600C5BCC9 /* zx-video-player-volumeMute@2x.png */,
				DD616FBF1ED7BE5600C5BCC9 /* zx-video-player-volumeMute@3x.png */,
			);
			path = Assets;
			sourceTree = "<group>";
		};
		DD61F38D1ECD4565004CF98D /* DT_display_tableView */ = {
			isa = PBXGroup;
			children = (
				DD61F39B1ECD6979004CF98D /* party.png */,
				DD61F39C1ECD6979004CF98D /* party2.png */,
				DD61F38E1ECD45AE004CF98D /* DT_display_tableView.h */,
				DD61F38F1ECD45AE004CF98D /* DT_display_tableView.m */,
				DD61F3981ECD463C004CF98D /* DT_display_tableView_cell.h */,
				DD61F3991ECD463C004CF98D /* DT_display_tableView_cell.m */,
			);
			name = DT_display_tableView;
			sourceTree = "<group>";
		};
		DD61F3911ECD45B6004CF98D /* DT_chat_tableView */ = {
			isa = PBXGroup;
			children = (
				DD61F3921ECD45DD004CF98D /* DT_chat_tableView.h */,
				DD61F3931ECD45DD004CF98D /* DT_chat_tableView.m */,
			);
			name = DT_chat_tableView;
			sourceTree = "<group>";
		};
		DD61F39F1ECD7F75004CF98D /* kind_of_room */ = {
			isa = PBXGroup;
			children = (
				DD4FDD601ED27DFC005A5FA1 /* kind_of_room_VC.h */,
				DD4FDD611ED27DFC005A5FA1 /* kind_of_room_VC.m */,
				DD616FA11ED7BCDE00C5BCC9 /* video___VC  & third party */,
				DD4FDD6D1ED27EAA005A5FA1 /* DT_tableView_cell */,
			);
			name = kind_of_room;
			sourceTree = "<group>";
		};
		DD61F3A91ECD826C004CF98D /* 就医指导 */ = {
			isa = PBXGroup;
			children = (
				DD61F3AE1ECD82EC004CF98D /* DT_doctor_help_VC.h */,
				DD61F3AF1ECD82EC004CF98D /* DT_doctor_help_VC.m */,
				DD61F3BC1ECD8409004CF98D /* 健康档案 */,
				DD61F3BB1ECD83FE004CF98D /* 医生认证 */,
				DD61F3BA1ECD83F3004CF98D /* 预约挂号 */,
				DD61F3B81ECD83E1004CF98D /* 在线问诊 */,
				DD61F3B71ECD83D6004CF98D /* 症状自查 */,
				DD61F3B61ECD83C9004CF98D /* 智能导诊 */,
			);
			name = "就医指导";
			sourceTree = "<group>";
		};
		DD61F3AA1ECD827F004CF98D /* 首页滚动图片 */ = {
			isa = PBXGroup;
			children = (
				DD61F3BD1ECD871E004CF98D /* ylmain.png */,
				DD61F3B11ECD830F004CF98D /* DT_scroller_picture.h */,
				DD61F3B21ECD830F004CF98D /* DT_scroller_picture.m */,
			);
			name = "首页滚动图片";
			sourceTree = "<group>";
		};
		DD61F3B61ECD83C9004CF98D /* 智能导诊 */ = {
			isa = PBXGroup;
			children = (
			);
			name = "智能导诊";
			sourceTree = "<group>";
		};
		DD61F3B71ECD83D6004CF98D /* 症状自查 */ = {
			isa = PBXGroup;
			children = (
			);
			name = "症状自查";
			sourceTree = "<group>";
		};
		DD61F3B81ECD83E1004CF98D /* 在线问诊 */ = {
			isa = PBXGroup;
			children = (
			);
			name = "在线问诊";
			sourceTree = "<group>";
		};
		DD61F3BA1ECD83F3004CF98D /* 预约挂号 */ = {
			isa = PBXGroup;
			children = (
			);
			name = "预约挂号";
			sourceTree = "<group>";
		};
		DD61F3BB1ECD83FE004CF98D /* 医生认证 */ = {
			isa = PBXGroup;
			children = (
			);
			name = "医生认证";
			sourceTree = "<group>";
		};
		DD61F3BC1ECD8409004CF98D /* 健康档案 */ = {
			isa = PBXGroup;
			children = (
			);
			name = "健康档案";
			sourceTree = "<group>";
		};
		DD63B1601EC2A83500726783 = {
			isa = PBXGroup;
			children = (
				DD63B19F1EC2A87200726783 /* Base__ViewController.h */,
				DD63B1A01EC2A87200726783 /* Base__ViewController.m */,
				DD63B1A21EC2A88300726783 /* PrefixHeader.pch */,
				DD63B1CC1EC2F9F200726783 /* UIView+Frame.h */,
				DD63B1CD1EC2F9F200726783 /* UIView+Frame.m */,
				DD63B16B1EC2A83600726783 /* 点家慧2.0 */,
				DD63B1851EC2A83600726783 /* 点家慧2.0Tests */,
				DD63B1901EC2A83600726783 /* 点家慧2.0UITests */,
				DD63B16A1EC2A83600726783 /* Products */,
			);
			sourceTree = "<group>";
		};
		DD63B16A1EC2A83600726783 /* Products */ = {
			isa = PBXGroup;
			children = (
				DD63B1691EC2A83600726783 /* 点家慧2.0.app */,
				DD63B1821EC2A83600726783 /* 点家慧2.0Tests.xctest */,
				DD63B18D1EC2A83600726783 /* 点家慧2.0UITests.xctest */,
			);
			name = Products;
			sourceTree = "<group>";
		};
		DD63B16B1EC2A83600726783 /* 点家慧2.0 */ = {
			isa = PBXGroup;
			children = (
				DD63B16F1EC2A83600726783 /* AppDelegate.h */,
				DD63B1701EC2A83600726783 /* AppDelegate.m */,
				DDDF40E51EC4444C0096CC26 /* imageBtn.png */,
				DD63B1B11EC2B67000726783 /* 图片 */,
				DD577CED1ED57AA600BCBA48 /* Login——viewcontrol */,
				DD63B1A51EC2A8B800726783 /* 首页 */,
				DD63B1A41EC2A8B300726783 /* 消息 */,
				DD63B1A31EC2A8A600726783 /* 我的 */,
				DD63B1751EC2A83600726783 /* Main.storyboard */,
				DD63B1781EC2A83600726783 /* Assets.xcassets */,
				DD63B17A1EC2A83600726783 /* LaunchScreen.storyboard */,
				DD63B17D1EC2A83600726783 /* Info.plist */,
				DD63B16C1EC2A83600726783 /* Supporting Files */,
			);
			path = "点家慧2.0";
			sourceTree = "<group>";
		};
		DD63B16C1EC2A83600726783 /* Supporting Files */ = {
			isa = PBXGroup;
			children = (
				DD63B16D1EC2A83600726783 /* main.m */,
			);
			name = "Supporting Files";
			sourceTree = "<group>";
		};
		DD63B1851EC2A83600726783 /* 点家慧2.0Tests */ = {
			isa = PBXGroup;
			children = (
				DD63B1861EC2A83600726783 /* ___2_0Tests.m */,
				DD63B1881EC2A83600726783 /* Info.plist */,
			);
			path = "点家慧2.0Tests";
			sourceTree = "<group>";
		};
		DD63B1901EC2A83600726783 /* 点家慧2.0UITests */ = {
			isa = PBXGroup;
			children = (
				DD63B1911EC2A83600726783 /* ___2_0UITests.m */,
				DD63B1931EC2A83600726783 /* Info.plist */,
			);
			path = "点家慧2.0UITests";
			sourceTree = "<group>";
		};
		DD63B1A31EC2A8A600726783 /* 我的 */ = {
			isa = PBXGroup;
			children = (
				DD63B1AC1EC2A8F800726783 /* My__ViewController.h */,
				DD63B1AD1EC2A8F800726783 /* My__ViewController.m */,
			);
			name = "我的";
			sourceTree = "<group>";
		};
		DD63B1A41EC2A8B300726783 /* 消息 */ = {
			isa = PBXGroup;
			children = (
				DD63B1A91EC2A8E900726783 /* message__ViewController.h */,
				DD63B1AA1EC2A8E900726783 /* message__ViewController.m */,
			);
			name = "消息";
			sourceTree = "<group>";
		};
		DD63B1A51EC2A8B800726783 /* 首页 */ = {
			isa = PBXGroup;
			children = (
				DD63B1A61EC2A8DA00726783 /* Main__ViewController.h */,
				DD63B1A71EC2A8DA00726783 /* Main__ViewController.m */,
				DD63B1C71EC2E91700726783 /* 娱乐 */,
				DD63B1C81EC2E92B00726783 /* 医疗 */,
			);
			name = "首页";
			sourceTree = "<group>";
		};
		DD63B1B11EC2B67000726783 /* 图片 */ = {
			isa = PBXGroup;
			children = (
				DD63B1BC1EC2D8B400726783 /* news@3x.png */,
				DD63B1C21EC2D98C00726783 /* home@3x.png */,
				DD63B1C01EC2D8E700726783 /* home_page@3x.png */,
				DD63B1B41EC2BA5D00726783 /* yule.png */,
				DD63B1BE1EC2D8CE00726783 /* my@3x.png */,
				DD63B1B61EC2BA8400726783 /* yiyuan.png */,
				DD63B1B81EC2BD0700726783 /* yisheng.png */,
				DD63B1BA1EC2C10E00726783 /* home.png */,
				DD63B1AF1EC2B66000726783 /* MainDisplay.png */,
			);
			name = "图片";
			sourceTree = "<group>";
		};
		DD63B1C71EC2E91700726783 /* 娱乐 */ = {
			isa = PBXGroup;
			children = (
				DD63B1C41EC2E7FE00726783 /* YuLe__ViewController.h */,
				DD63B1C51EC2E7FE00726783 /* YuLe__ViewController.m */,
				DDA2C85F1ECAC040008F5260 /* 展示自我 */,
				DDA2C85B1ECABE6F008F5260 /* 观摩学习 */,
			);
			name = "娱乐";
			sourceTree = "<group>";
		};
		DD63B1C81EC2E92B00726783 /* 医疗 */ = {
			isa = PBXGroup;
			children = (
				DD63B1C91EC2E94800726783 /* help__ViewController.h */,
				DD63B1CA1EC2E94800726783 /* help__ViewController.m */,
				DD61F3AA1ECD827F004CF98D /* 首页滚动图片 */,
				DD61F3A91ECD826C004CF98D /* 就医指导 */,
			);
			name = "医疗";
			sourceTree = "<group>";
		};
		DDA2C85B1ECABE6F008F5260 /* 观摩学习 */ = {
			isa = PBXGroup;
			children = (
				DDA2C8661ECB0543008F5260 /* searchView */,
				DD53E6EE1ECBE09F008BD057 /* kind_select_btn */,
				DD53E6EF1ECBE893008BD057 /* Hotattention—AttentionRoom */,
				DD53E6FA1ECBEE6C008BD057 /* scrollView_show_tableview */,
			);
			name = "观摩学习";
			sourceTree = "<group>";
		};
		DDA2C85F1ECAC040008F5260 /* 展示自我 */ = {
			isa = PBXGroup;
			children = (
				DD71607F1EC5BAC900F57F5D /* DT_creatAlph_0_Btn.h */,
				DD7160801EC5BAC900F57F5D /* DT_creatAlph_0_Btn.m */,
				DD71607C1EC5BA8000F57F5D /* DT_creat_16_btn.h */,
				DD71607D1EC5BA8000F57F5D /* DT_creat_16_btn.m */,
				DD7160761EC593C000F57F5D /* DT_YuFooterView.h */,
				DD7160771EC593C000F57F5D /* DT_YuFooterView.m */,
				DD7160791EC5A49A00F57F5D /* DT_meTable_cell.h */,
				DD71607A1EC5A49A00F57F5D /* DT_meTable_cell.m */,
				DDDF40E71EC44A3F0096CC26 /* RoomDetial */,
			);
			name = "展示自我";
			sourceTree = "<group>";
		};
		DDA2C8661ECB0543008F5260 /* searchView */ = {
			isa = PBXGroup;
			children = (
				DDA2C85C1ECABF37008F5260 /* DT_searchView.h */,
				DDA2C85D1ECABF37008F5260 /* DT_searchView.m */,
				DDA2C8631ECB0513008F5260 /* DT_searchDetailView.h */,
				DDA2C8641ECB0513008F5260 /* DT_searchDetailView.m */,
			);
			name = searchView;
			sourceTree = "<group>";
		};
		DDDF40E71EC44A3F0096CC26 /* RoomDetial */ = {
			isa = PBXGroup;
			children = (
				DDDF40E81EC44AAF0096CC26 /* RoomDetialView.h */,
				DDDF40E91EC44AAF0096CC26 /* RoomDetialView.m */,
				DD4428E01EC940F900FAF133 /* PerfectRoomDetail.h */,
				DD4428E11EC940F900FAF133 /* PerfectRoomDetail.m */,
				DDA2C8581ECA91A9008F5260 /* RoomDetailDisplay.h */,
				DDA2C8591ECA91AA008F5260 /* RoomDetailDisplay.m */,
			);
			name = RoomDetial;
			sourceTree = "<group>";
		};
/* End PBXGroup section */

/* Begin PBXNativeTarget section */
		DD63B1681EC2A83600726783 /* 点家慧2.0 */ = {
			isa = PBXNativeTarget;
			buildConfigurationList = DD63B1961EC2A83600726783 /* Build configuration list for PBXNativeTarget "点家慧2.0" */;
			buildPhases = (
				DD63B1651EC2A83600726783 /* Sources */,
				DD63B1661EC2A83600726783 /* Frameworks */,
				DD63B1671EC2A83600726783 /* Resources */,
			);
			buildRules = (
			);
			dependencies = (
			);
			name = "点家慧2.0";
			productName = "点家慧2.0";
			productReference = DD63B1691EC2A83600726783 /* 点家慧2.0.app */;
			productType = "com.apple.product-type.application";
		};
		DD63B1811EC2A83600726783 /* 点家慧2.0Tests */ = {
			isa = PBXNativeTarget;
			buildConfigurationList = DD63B1991EC2A83600726783 /* Build configuration list for PBXNativeTarget "点家慧2.0Tests" */;
			buildPhases = (
				DD63B17E1EC2A83600726783 /* Sources */,
				DD63B17F1EC2A83600726783 /* Frameworks */,
				DD63B1801EC2A83600726783 /* Resources */,
			);
			buildRules = (
			);
			dependencies = (
				DD63B1841EC2A83600726783 /* PBXTargetDependency */,
			);
			name = "点家慧2.0Tests";
			productName = "点家慧2.0Tests";
			productReference = DD63B1821EC2A83600726783 /* 点家慧2.0Tests.xctest */;
			productType = "com.apple.product-type.bundle.unit-test";
		};
		DD63B18C1EC2A83600726783 /* 点家慧2.0UITests */ = {
			isa = PBXNativeTarget;
			buildConfigurationList = DD63B19C1EC2A83600726783 /* Build configuration list for PBXNativeTarget "点家慧2.0UITests" */;
			buildPhases = (
				DD63B1891EC2A83600726783 /* Sources */,
				DD63B18A1EC2A83600726783 /* Frameworks */,
				DD63B18B1EC2A83600726783 /* Resources */,
			);
			buildRules = (
			);
			dependencies = (
				DD63B18F1EC2A83600726783 /* PBXTargetDependency */,
			);
			name = "点家慧2.0UITests";
			productName = "点家慧2.0UITests";
			productReference = DD63B18D1EC2A83600726783 /* 点家慧2.0UITests.xctest */;
			productType = "com.apple.product-type.bundle.ui-testing";
		};
/* End PBXNativeTarget section */

/* Begin PBXProject section */
		DD63B1611EC2A83600726783 /* Project object */ = {
			isa = PBXProject;
			attributes = {
				LastUpgradeCheck = 0720;
				ORGANIZATIONNAME = inwhoop.com;
				TargetAttributes = {
					DD63B1681EC2A83600726783 = {
						CreatedOnToolsVersion = 7.2;
					};
					DD63B1811EC2A83600726783 = {
						CreatedOnToolsVersion = 7.2;
						TestTargetID = DD63B1681EC2A83600726783;
					};
					DD63B18C1EC2A83600726783 = {
						CreatedOnToolsVersion = 7.2;
						TestTargetID = DD63B1681EC2A83600726783;
					};
				};
			};
			buildConfigurationList = DD63B1641EC2A83600726783 /* Build configuration list for PBXProject "点家慧2.0" */;
			compatibilityVersion = "Xcode 3.2";
			developmentRegion = English;
			hasScannedForEncodings = 0;
			knownRegions = (
				en,
				Base,
			);
			mainGroup = DD63B1601EC2A83500726783;
			productRefGroup = DD63B16A1EC2A83600726783 /* Products */;
			projectDirPath = "";
			projectRoot = "";
			targets = (
				DD63B1681EC2A83600726783 /* 点家慧2.0 */,
				DD63B1811EC2A83600726783 /* 点家慧2.0Tests */,
				DD63B18C1EC2A83600726783 /* 点家慧2.0UITests */,
			);
		};
/* End PBXProject section */

/* Begin PBXResourcesBuildPhase section */
		DD63B1671EC2A83600726783 /* Resources */ = {
			isa = PBXResourcesBuildPhase;
			buildActionMask = 2147483647;
			files = (
				DD616FD31ED7BE5600C5BCC9 /* kr-video-player-pause@3x.png in Resources */,
				DD616FDD1ED7BE5600C5BCC9 /* zx-video-player-brightness@3x.png in Resources */,
				DD616FCF1ED7BE5600C5BCC9 /* kr-video-player-close@3x.png in Resources */,
				DD616FE21ED7BE5600C5BCC9 /* zx-video-player-rewind@2x.png in Resources */,
				DD616FD21ED7BE5600C5BCC9 /* kr-video-player-pause@2x.png in Resources */,
				DD63B1B91EC2BD0700726783 /* yisheng.png in Resources */,
				DD616FCE1ED7BE5600C5BCC9 /* kr-video-player-close@2x.png in Resources */,
				DD616FE91ED7BE5600C5BCC9 /* zx-video-player-volumeMute@3x.png in Resources */,
				DD616FD61ED7BE5600C5BCC9 /* kr-video-player-point@2x.png in Resources */,
				DD616FD81ED7BE5600C5BCC9 /* kr-video-player-shrinkscreen@2x.png in Resources */,
				DD616FE31ED7BE5600C5BCC9 /* zx-video-player-rewind@3x.png in Resources */,
				DD616FE51ED7BE5600C5BCC9 /* zx-video-player-unlock@3x.png in Resources */,
				DD616FD41ED7BE5600C5BCC9 /* kr-video-player-play@2x.png in Resources */,
				DD616FDE1ED7BE5600C5BCC9 /* zx-video-player-fastForward@2x.png in Resources */,
				DDDF40E61EC4444C0096CC26 /* imageBtn.png in Resources */,
				DD63B17C1EC2A83600726783 /* LaunchScreen.storyboard in Resources */,
				DD63B1C31EC2D98C00726783 /* home@3x.png in Resources */,
				DD63B1B51EC2BA5D00726783 /* yule.png in Resources */,
				DD63B1BF1EC2D8CE00726783 /* my@3x.png in Resources */,
				DD616FD51ED7BE5600C5BCC9 /* kr-video-player-play@3x.png in Resources */,
				DD616FDB1ED7BE5600C5BCC9 /* zx-video-banner-back@2x.png in Resources */,
				DD61F39D1ECD6979004CF98D /* party.png in Resources */,
				DD616FDA1ED7BE5600C5BCC9 /* zx-video-banner-back.png in Resources */,
				DD616FDF1ED7BE5600C5BCC9 /* zx-video-player-fastForward@3x.png in Resources */,
				DD616FD11ED7BE5600C5BCC9 /* kr-video-player-fullscreen@3x.png in Resources */,
				DD616FD71ED7BE5600C5BCC9 /* kr-video-player-point@3x.png in Resources */,
				DD616FE11ED7BE5600C5BCC9 /* zx-video-player-lock@3x.png in Resources */,
				DD616FD01ED7BE5600C5BCC9 /* kr-video-player-fullscreen@2x.png in Resources */,
				DD616FE81ED7BE5600C5BCC9 /* zx-video-player-volumeMute@2x.png in Resources */,
				DD61F3BE1ECD871E004CF98D /* ylmain.png in Resources */,
				DD63B1B71EC2BA8400726783 /* yiyuan.png in Resources */,
				DD616FE61ED7BE5600C5BCC9 /* zx-video-player-volume@2x.png in Resources */,
				DD63B1BB1EC2C10E00726783 /* home.png in Resources */,
				DD616FE71ED7BE5600C5BCC9 /* zx-video-player-volume@3x.png in Resources */,
				DD63B1BD1EC2D8B400726783 /* news@3x.png in Resources */,
				DD61F39E1ECD6979004CF98D /* party2.png in Resources */,
				DD63B1B01EC2B66000726783 /* MainDisplay.png in Resources */,
				DD616FDC1ED7BE5600C5BCC9 /* zx-video-player-brightness@2x.png in Resources */,
				DD616FD91ED7BE5600C5BCC9 /* kr-video-player-shrinkscreen@3x.png in Resources */,
				DD63B1C11EC2D8E700726783 /* home_page@3x.png in Resources */,
				DD63B1791EC2A83600726783 /* Assets.xcassets in Resources */,
				DD616FE41ED7BE5600C5BCC9 /* zx-video-player-unlock@2x.png in Resources */,
				DD616FE01ED7BE5600C5BCC9 /* zx-video-player-lock@2x.png in Resources */,
				DD63B1771EC2A83600726783 /* Main.storyboard in Resources */,
			);
			runOnlyForDeploymentPostprocessing = 0;
		};
		DD63B1801EC2A83600726783 /* Resources */ = {
			isa = PBXResourcesBuildPhase;
			buildActionMask = 2147483647;
			files = (
			);
			runOnlyForDeploymentPostprocessing = 0;
		};
		DD63B18B1EC2A83600726783 /* Resources */ = {
			isa = PBXResourcesBuildPhase;
			buildActionMask = 2147483647;
			files = (
			);
			runOnlyForDeploymentPostprocessing = 0;
		};
/* End PBXResourcesBuildPhase section */

/* Begin PBXSourcesBuildPhase section */
		DD63B1651EC2A83600726783 /* Sources */ = {
			isa = PBXSourcesBuildPhase;
			buildActionMask = 2147483647;
			files = (
				DD61F39A1ECD463C004CF98D /* DT_display_tableView_cell.m in Sources */,
				DD61F3B01ECD82EC004CF98D /* DT_doctor_help_VC.m in Sources */,
				DD63B1AB1EC2A8E900726783 /* message__ViewController.m in Sources */,
				DDA2C85A1ECA91AA008F5260 /* RoomDetailDisplay.m in Sources */,
				DD652CE01ED9283000A48F34 /* DT_mangeTableviewCell.m in Sources */,
				DD616FF01ED7BE5600C5BCC9 /* ZXVideoPlayerVolumeView.m in Sources */,
				DD3713FB1ED8119B006C8756 /* DT_mangeRoom.m in Sources */,
				DDA2C8621ECADC86008F5260 /* DT_kindOfSelectButton.m in Sources */,
				DDDF40EA1EC44AAF0096CC26 /* RoomDetialView.m in Sources */,
				DD53E6FD1ECBEED3008BD057 /* DT_scrollview_show_tableview.m in Sources */,
				DD616FEC1ED7BE5600C5BCC9 /* ZXVideoPlayerBrightnessView.m in Sources */,
				DD3714051ED82EA0006C8756 /* DT_pushTextVC.m in Sources */,
				DD71607B1EC5A49A00F57F5D /* DT_meTable_cell.m in Sources */,
				DD61F3B31ECD830F004CF98D /* DT_scroller_picture.m in Sources */,
				DD61F3941ECD45DD004CF98D /* DT_chat_tableView.m in Sources */,
				DD53E6F91ECBEDD3008BD057 /* DT_attention_tableView.m in Sources */,
				DD4FDD6B1ED27E47005A5FA1 /* DT_video_room_cell.m in Sources */,
				DD53E7051ECC196C008BD057 /* Attention_tableView_cell.m in Sources */,
				DD53E6F21ECBE957008BD057 /* hot_attentionRoom_Btn.m in Sources */,
				DD63B1CB1EC2E94800726783 /* help__ViewController.m in Sources */,
				DD53E7081ECC41CD008BD057 /* room_display.m in Sources */,
				DD616FED1ED7BE5600C5BCC9 /* ZXVideoPlayerControlView.m in Sources */,
				DD616FEA1ED7BE5600C5BCC9 /* ZXVideo.m in Sources */,
				DD577CF31ED57B9900BCBA48 /* Register_ViewController.m in Sources */,
				DD616FF91ED7D2CD00C5BCC9 /* DT_video_share_VC.m in Sources */,
				DD63B1AE1EC2A8F800726783 /* My__ViewController.m in Sources */,
				DD63B1A11EC2A87200726783 /* Base__ViewController.m in Sources */,
				DD3713FF1ED82E7E006C8756 /* DT_pushVideoVC.m in Sources */,
				DD4428E21EC940F900FAF133 /* PerfectRoomDetail.m in Sources */,
				DD63B1711EC2A83600726783 /* AppDelegate.m in Sources */,
				DDA2C85E1ECABF37008F5260 /* DT_searchView.m in Sources */,
				DD63B1C61EC2E7FE00726783 /* YuLe__ViewController.m in Sources */,
				DD53E7021ECC1956008BD057 /* hot_tableView_cell.m in Sources */,
				DD63B1A81EC2A8DA00726783 /* Main__ViewController.m in Sources */,
				DD577CF01ED57B5800BCBA48 /* Login_viewController.m in Sources */,
				DD616FEF1ED7BE5600C5BCC9 /* ZXVideoPlayerTimeIndicatorView.m in Sources */,
				DD61F3901ECD45AE004CF98D /* DT_display_tableView.m in Sources */,
				DD7160811EC5BAC900F57F5D /* DT_creatAlph_0_Btn.m in Sources */,
				DD4FDD621ED27DFC005A5FA1 /* kind_of_room_VC.m in Sources */,
				DD3714021ED82E8F006C8756 /* DT_pushPictureVC.m in Sources */,
				DD4FDD651ED27E1D005A5FA1 /* DT_text_room_cell.m in Sources */,
				DD7160781EC593C000F57F5D /* DT_YuFooterView.m in Sources */,
				DD63B1CE1EC2F9F300726783 /* UIView+Frame.m in Sources */,
				DD63B16E1EC2A83600726783 /* main.m in Sources */,
				DD616FEE1ED7BE5600C5BCC9 /* ZXVideoPlayerController.m in Sources */,
				DD616FF61ED7BEA500C5BCC9 /* VideoPlayViewController.m in Sources */,
				DD616FEB1ED7BE5600C5BCC9 /* ZXVideoPlayerBatteryView.m in Sources */,
				DD53E6F61ECBEDB0008BD057 /* DT_Hot_tableview.m in Sources */,
				DD4FDD681ED27E34005A5FA1 /* DT_picture_room_cell.m in Sources */,
				DD28CC4E1ED6C47B0041180D /* DT_PlayVideoViewController.m in Sources */,
				DD71607E1EC5BA8000F57F5D /* DT_creat_16_btn.m in Sources */,
				DDA2C8651ECB0513008F5260 /* DT_searchDetailView.m in Sources */,
			);
			runOnlyForDeploymentPostprocessing = 0;
		};
		DD63B17E1EC2A83600726783 /* Sources */ = {
			isa = PBXSourcesBuildPhase;
			buildActionMask = 2147483647;
			files = (
				DD63B1871EC2A83600726783 /* ___2_0Tests.m in Sources */,
			);
			runOnlyForDeploymentPostprocessing = 0;
		};
		DD63B1891EC2A83600726783 /* Sources */ = {
			isa = PBXSourcesBuildPhase;
			buildActionMask = 2147483647;
			files = (
				DD63B1921EC2A83600726783 /* ___2_0UITests.m in Sources */,
			);
			runOnlyForDeploymentPostprocessing = 0;
		};
/* End PBXSourcesBuildPhase section */

/* Begin PBXTargetDependency section */
		DD63B1841EC2A83600726783 /* PBXTargetDependency */ = {
			isa = PBXTargetDependency;
			target = DD63B1681EC2A83600726783 /* 点家慧2.0 */;
			targetProxy = DD63B1831EC2A83600726783 /* PBXContainerItemProxy */;
		};
		DD63B18F1EC2A83600726783 /* PBXTargetDependency */ = {
			isa = PBXTargetDependency;
			target = DD63B1681EC2A83600726783 /* 点家慧2.0 */;
			targetProxy = DD63B18E1EC2A83600726783 /* PBXContainerItemProxy */;
		};
/* End PBXTargetDependency section */

/* Begin PBXVariantGroup section */
		DD63B1751EC2A83600726783 /* Main.storyboard */ = {
			isa = PBXVariantGroup;
			children = (
				DD63B1761EC2A83600726783 /* Base */,
			);
			name = Main.storyboard;
			sourceTree = "<group>";
		};
		DD63B17A1EC2A83600726783 /* LaunchScreen.storyboard */ = {
			isa = PBXVariantGroup;
			children = (
				DD63B17B1EC2A83600726783 /* Base */,
			);
			name = LaunchScreen.storyboard;
			sourceTree = "<group>";
		};
/* End PBXVariantGroup section */

/* Begin XCBuildConfiguration section */
		DD63B1941EC2A83600726783 /* Debug */ = {
			isa = XCBuildConfiguration;
			buildSettings = {
				ALWAYS_SEARCH_USER_PATHS = NO;
				CLANG_CXX_LANGUAGE_STANDARD = "gnu++0x";
				CLANG_CXX_LIBRARY = "libc++";
				CLANG_ENABLE_MODULES = YES;
				CLANG_ENABLE_OBJC_ARC = YES;
				CLANG_WARN_BOOL_CONVERSION = YES;
				CLANG_WARN_CONSTANT_CONVERSION = YES;
				CLANG_WARN_DIRECT_OBJC_ISA_USAGE = YES_ERROR;
				CLANG_WARN_EMPTY_BODY = YES;
				CLANG_WARN_ENUM_CONVERSION = YES;
				CLANG_WARN_INT_CONVERSION = YES;
				CLANG_WARN_OBJC_ROOT_CLASS = YES_ERROR;
				CLANG_WARN_UNREACHABLE_CODE = YES;
				CLANG_WARN__DUPLICATE_METHOD_MATCH = YES;
				"CODE_SIGN_IDENTITY[sdk=iphoneos*]" = "iPhone Developer";
				COPY_PHASE_STRIP = NO;
				DEBUG_INFORMATION_FORMAT = dwarf;
				ENABLE_STRICT_OBJC_MSGSEND = YES;
				ENABLE_TESTABILITY = YES;
				GCC_C_LANGUAGE_STANDARD = gnu99;
				GCC_DYNAMIC_NO_PIC = NO;
				GCC_NO_COMMON_BLOCKS = YES;
				GCC_OPTIMIZATION_LEVEL = 0;
				GCC_PREPROCESSOR_DEFINITIONS = (
					"DEBUG=1",
					"$(inherited)",
				);
				GCC_WARN_64_TO_32_BIT_CONVERSION = YES;
				GCC_WARN_ABOUT_RETURN_TYPE = YES_ERROR;
				GCC_WARN_UNDECLARED_SELECTOR = YES;
				GCC_WARN_UNINITIALIZED_AUTOS = YES_AGGRESSIVE;
				GCC_WARN_UNUSED_FUNCTION = YES;
				GCC_WARN_UNUSED_VARIABLE = YES;
				IPHONEOS_DEPLOYMENT_TARGET = 9.2;
				MTL_ENABLE_DEBUG_INFO = YES;
				ONLY_ACTIVE_ARCH = YES;
				SDKROOT = iphoneos;
			};
			name = Debug;
		};
		DD63B1951EC2A83600726783 /* Release */ = {
			isa = XCBuildConfiguration;
			buildSettings = {
				ALWAYS_SEARCH_USER_PATHS = NO;
				CLANG_CXX_LANGUAGE_STANDARD = "gnu++0x";
				CLANG_CXX_LIBRARY = "libc++";
				CLANG_ENABLE_MODULES = YES;
				CLANG_ENABLE_OBJC_ARC = YES;
				CLANG_WARN_BOOL_CONVERSION = YES;
				CLANG_WARN_CONSTANT_CONVERSION = YES;
				CLANG_WARN_DIRECT_OBJC_ISA_USAGE = YES_ERROR;
				CLANG_WARN_EMPTY_BODY = YES;
				CLANG_WARN_ENUM_CONVERSION = YES;
				CLANG_WARN_INT_CONVERSION = YES;
				CLANG_WARN_OBJC_ROOT_CLASS = YES_ERROR;
				CLANG_WARN_UNREACHABLE_CODE = YES;
				CLANG_WARN__DUPLICATE_METHOD_MATCH = YES;
				"CODE_SIGN_IDENTITY[sdk=iphoneos*]" = "iPhone Developer";
				COPY_PHASE_STRIP = NO;
				DEBUG_INFORMATION_FORMAT = "dwarf-with-dsym";
				ENABLE_NS_ASSERTIONS = NO;
				ENABLE_STRICT_OBJC_MSGSEND = YES;
				GCC_C_LANGUAGE_STANDARD = gnu99;
				GCC_NO_COMMON_BLOCKS = YES;
				GCC_WARN_64_TO_32_BIT_CONVERSION = YES;
				GCC_WARN_ABOUT_RETURN_TYPE = YES_ERROR;
				GCC_WARN_UNDECLARED_SELECTOR = YES;
				GCC_WARN_UNINITIALIZED_AUTOS = YES_AGGRESSIVE;
				GCC_WARN_UNUSED_FUNCTION = YES;
				GCC_WARN_UNUSED_VARIABLE = YES;
				IPHONEOS_DEPLOYMENT_TARGET = 9.2;
				MTL_ENABLE_DEBUG_INFO = NO;
				SDKROOT = iphoneos;
				VALIDATE_PRODUCT = YES;
			};
			name = Release;
		};
		DD63B1971EC2A83600726783 /* Debug */ = {
			isa = XCBuildConfiguration;
			buildSettings = {
				ASSETCATALOG_COMPILER_APPICON_NAME = AppIcon;
				GCC_PREFIX_HEADER = "$(SRCROOT)/PrefixHeader.pch";
				INFOPLIST_FILE = "点家慧2.0/Info.plist";
				IPHONEOS_DEPLOYMENT_TARGET = 9.2;
				LD_RUNPATH_SEARCH_PATHS = "$(inherited) @executable_path/Frameworks";
				PRODUCT_BUNDLE_IDENTIFIER = "wangfazu.---2-0";
				PRODUCT_NAME = "$(TARGET_NAME)";
			};
			name = Debug;
		};
		DD63B1981EC2A83600726783 /* Release */ = {
			isa = XCBuildConfiguration;
			buildSettings = {
				ASSETCATALOG_COMPILER_APPICON_NAME = AppIcon;
				GCC_PREFIX_HEADER = "$(SRCROOT)/PrefixHeader.pch";
				INFOPLIST_FILE = "点家慧2.0/Info.plist";
				IPHONEOS_DEPLOYMENT_TARGET = 9.2;
				LD_RUNPATH_SEARCH_PATHS = "$(inherited) @executable_path/Frameworks";
				PRODUCT_BUNDLE_IDENTIFIER = "wangfazu.---2-0";
				PRODUCT_NAME = "$(TARGET_NAME)";
			};
			name = Release;
		};
		DD63B19A1EC2A83600726783 /* Debug */ = {
			isa = XCBuildConfiguration;
			buildSettings = {
				BUNDLE_LOADER = "$(TEST_HOST)";
				INFOPLIST_FILE = "点家慧2.0Tests/Info.plist";
				LD_RUNPATH_SEARCH_PATHS = "$(inherited) @executable_path/Frameworks @loader_path/Frameworks";
				PRODUCT_BUNDLE_IDENTIFIER = "wangfazu.---2-0Tests";
				PRODUCT_NAME = "$(TARGET_NAME)";
				TEST_HOST = "$(BUILT_PRODUCTS_DIR)/点家慧2.0.app/点家慧2.0";
			};
			name = Debug;
		};
		DD63B19B1EC2A83600726783 /* Release */ = {
			isa = XCBuildConfiguration;
			buildSettings = {
				BUNDLE_LOADER = "$(TEST_HOST)";
				INFOPLIST_FILE = "点家慧2.0Tests/Info.plist";
				LD_RUNPATH_SEARCH_PATHS = "$(inherited) @executable_path/Frameworks @loader_path/Frameworks";
				PRODUCT_BUNDLE_IDENTIFIER = "wangfazu.---2-0Tests";
				PRODUCT_NAME = "$(TARGET_NAME)";
				TEST_HOST = "$(BUILT_PRODUCTS_DIR)/点家慧2.0.app/点家慧2.0";
			};
			name = Release;
		};
		DD63B19D1EC2A83600726783 /* Debug */ = {
			isa = XCBuildConfiguration;
			buildSettings = {
				INFOPLIST_FILE = "点家慧2.0UITests/Info.plist";
				LD_RUNPATH_SEARCH_PATHS = "$(inherited) @executable_path/Frameworks @loader_path/Frameworks";
				PRODUCT_BUNDLE_IDENTIFIER = "wangfazu.---2-0UITests";
				PRODUCT_NAME = "$(TARGET_NAME)";
				TEST_TARGET_NAME = "点家慧2.0";
				USES_XCTRUNNER = YES;
			};
			name = Debug;
		};
		DD63B19E1EC2A83600726783 /* Release */ = {
			isa = XCBuildConfiguration;
			buildSettings = {
				INFOPLIST_FILE = "点家慧2.0UITests/Info.plist";
				LD_RUNPATH_SEARCH_PATHS = "$(inherited) @executable_path/Frameworks @loader_path/Frameworks";
				PRODUCT_BUNDLE_IDENTIFIER = "wangfazu.---2-0UITests";
				PRODUCT_NAME = "$(TARGET_NAME)";
				TEST_TARGET_NAME = "点家慧2.0";
				USES_XCTRUNNER = YES;
			};
			name = Release;
		};
/* End XCBuildConfiguration section */

/* Begin XCConfigurationList section */
		DD63B1641EC2A83600726783 /* Build configuration list for PBXProject "点家慧2.0" */ = {
			isa = XCConfigurationList;
			buildConfigurations = (
				DD63B1941EC2A83600726783 /* Debug */,
				DD63B1951EC2A83600726783 /* Release */,
			);
			defaultConfigurationIsVisible = 0;
			defaultConfigurationName = Release;
		};
		DD63B1961EC2A83600726783 /* Build configuration list for PBXNativeTarget "点家慧2.0" */ = {
			isa = XCConfigurationList;
			buildConfigurations = (
				DD63B1971EC2A83600726783 /* Debug */,
				DD63B1981EC2A83600726783 /* Release */,
			);
			defaultConfigurationIsVisible = 0;
			defaultConfigurationName = Release;
		};
		DD63B1991EC2A83600726783 /* Build configuration list for PBXNativeTarget "点家慧2.0Tests" */ = {
			isa = XCConfigurationList;
			buildConfigurations = (
				DD63B19A1EC2A83600726783 /* Debug */,
				DD63B19B1EC2A83600726783 /* Release */,
			);
			defaultConfigurationIsVisible = 0;
			defaultConfigurationName = Release;
		};
		DD63B19C1EC2A83600726783 /* Build configuration list for PBXNativeTarget "点家慧2.0UITests" */ = {
			isa = XCConfigurationList;
			buildConfigurations = (
				DD63B19D1EC2A83600726783 /* Debug */,
				DD63B19E1EC2A83600726783 /* Release */,
			);
			defaultConfigurationIsVisible = 0;
			defaultConfigurationName = Release;
		};
/* End XCConfigurationList section */
	};
	rootObject = DD63B1611EC2A83600726783 /* Project object */;
}
